
Microsoft Visual Studio Solution File, Format Version 9.00
# Visual Studio 2005
Project("{2150E333-8FDC-42A3-9474-1A3956D46DE8}") = "Applications", "Applications", "{4E9C41F5-959F-4BD3-841C-C473298B3024}"
	ProjectSection(FolderStartupServices) = postProject
		{B4F97281-0DBD-4835-9ED8-7DFB966E87FF} = {B4F97281-0DBD-4835-9ED8-7DFB966E87FF}
	EndProjectSection
EndProject
Project("{2150E333-8FDC-42A3-9474-1A3956D46DE8}") = "RDSAdmin", "RDSAdmin", "{DEA25300-9C8B-4CA9-AAD1-CE8807F138DE}"
	ProjectSection(FolderStartupServices) = postProject
		{B4F97281-0DBD-4835-9ED8-7DFB966E87FF} = {B4F97281-0DBD-4835-9ED8-7DFB966E87FF}
	EndProjectSection
EndProject
Project("{FAE04EC0-301F-11D3-BF4B-00C04F79EFBC}") = "NZPostOffice.RDSAdmin", "NZPost.RDSAdmin\NZPostOffice.RDSAdmin.csproj", "{22D4FF0E-09FE-4C89-821A-9333196F1595}"
EndProject
Project("{2150E333-8FDC-42A3-9474-1A3956D46DE8}") = "MetexLib", "MetexLib", "{0C5F22CA-0741-437D-8D02-357A5DD9DFBC}"
	ProjectSection(SolutionItems) = preProject
		MetexLib\Metex.Service.Core.dll = MetexLib\Metex.Service.Core.dll
		MetexLib\Metex.Win.dll = MetexLib\Metex.Win.dll
	EndProjectSection
	ProjectSection(FolderStartupServices) = postProject
		{B4F97281-0DBD-4835-9ED8-7DFB966E87FF} = {B4F97281-0DBD-4835-9ED8-7DFB966E87FF}
	EndProjectSection
EndProject
Project("{2150E333-8FDC-42A3-9474-1A3956D46DE8}") = "FrameWork", "FrameWork", "{42E35544-EA3B-4FB4-84E1-3F8BE959E939}"
	ProjectSection(FolderStartupServices) = postProject
		{B4F97281-0DBD-4835-9ED8-7DFB966E87FF} = {B4F97281-0DBD-4835-9ED8-7DFB966E87FF}
	EndProjectSection
EndProject
Project("{FAE04EC0-301F-11D3-BF4B-00C04F79EFBC}") = "NZPostOffice.Shared", "NZPostOffice.Shared\NZPostOffice.Shared.csproj", "{D9C16BDE-6368-4221-8319-B7AF123357C1}"
EndProject
Project("{FAE04EC0-301F-11D3-BF4B-00C04F79EFBC}") = "NZPostOffice.RDSAdmin.DataControls", "NZPostOffice.RDSAdmin.DataControls\NZPostOffice.RDSAdmin.DataControls.csproj", "{0B380E0C-0A10-4536-BD85-BF0993671FAC}"
EndProject
Project("{FAE04EC0-301F-11D3-BF4B-00C04F79EFBC}") = "NZPostOffice.RDSAdmin.Entity", "NZPostOffice.RDSAdmin.Entity\NZPostOffice.RDSAdmin.Entity.csproj", "{933136D5-86EB-41F4-BAEF-39AC7CFE24BE}"
EndProject
Project("{FAE04EC0-301F-11D3-BF4B-00C04F79EFBC}") = "NZPostOffice.DataService", "NZPostOffice.DataService\NZPostOffice.DataService.csproj", "{7073136B-CCD3-4128-9B3E-9BE7C555E482}"
EndProject
Project("{FAE04EC0-301F-11D3-BF4B-00C04F79EFBC}") = "NZPostOffice.RDSAdmin.DataService", "NZPostOffice.RDSAdmin.DataService\NZPostOffice.RDSAdmin.DataService.csproj", "{DC17752B-A793-4C46-AF41-0FA70B4CBA42}"
EndProject
Project("{FAE04EC0-301F-11D3-BF4B-00C04F79EFBC}") = "NZPostOffice.Entity", "NZPostOffice.Entity\NZPostOffice.Entity.csproj", "{6D5CE23C-C567-4E5D-8245-F383554C6DC6}"
EndProject
Project("{FAE04EC0-301F-11D3-BF4B-00C04F79EFBC}") = "NZPostOffice.DataControls", "NZPostOffice.DataControls\NZPostOffice.DataControls.csproj", "{55C392CF-5BD7-40D8-946F-0C21674599FC}"
EndProject
Project("{2150E333-8FDC-42A3-9474-1A3956D46DE8}") = "Setup", "Setup", "{F5DCD5CA-FD2A-4D45-94E3-8E8FD8A5B645}"
	ProjectSection(FolderStartupServices) = postProject
		{B4F97281-0DBD-4835-9ED8-7DFB966E87FF} = {B4F97281-0DBD-4835-9ED8-7DFB966E87FF}
	EndProjectSection
EndProject
Project("{54435603-DBB4-11D2-8724-00A0C9A8B90C}") = "RDSAdminSetup", "RDSAdminSetup\RDSAdminSetup.vdproj", "{8B315579-2059-4393-8122-F9F96B0A336D}"
EndProject
Project("{54435603-DBB4-11D2-8724-00A0C9A8B90C}") = "ServerSetup", "ServerSetup\ServerSetup.vdproj", "{CBDAD76C-98EB-4710-8742-D1D4CE7D1BAB}"
EndProject
Project("{2150E333-8FDC-42A3-9474-1A3956D46DE8}") = "ODPS", "ODPS", "{069B8CD9-98AA-42FB-91D6-14357BA64DFB}"
	ProjectSection(FolderStartupServices) = postProject
		{B4F97281-0DBD-4835-9ED8-7DFB966E87FF} = {B4F97281-0DBD-4835-9ED8-7DFB966E87FF}
	EndProjectSection
EndProject
Project("{FAE04EC0-301F-11D3-BF4B-00C04F79EFBC}") = "NZPostOffice.ODPS", "NZPostOffice.ODPS\NZPostOffice.ODPS.csproj", "{3276787F-CA3F-4951-9AE0-415F73E95745}"
EndProject
Project("{FAE04EC0-301F-11D3-BF4B-00C04F79EFBC}") = "NZPostOffice.ODPS.DataControls", "NZPostOffice.ODPS.DataControls\NZPostOffice.ODPS.DataControls.csproj", "{DF5A05B5-6413-4708-8818-4E290E99528E}"
EndProject
Project("{FAE04EC0-301F-11D3-BF4B-00C04F79EFBC}") = "NZPostOffice.ODPS.DataService", "NZPostOffice.ODPS.DataService\NZPostOffice.ODPS.DataService.csproj", "{29884DCA-269D-485D-B58B-D9C70B389AB2}"
EndProject
Project("{FAE04EC0-301F-11D3-BF4B-00C04F79EFBC}") = "NZPostOffice.ODPS.Entity", "NZPostOffice.ODPS.Entity\NZPostOffice.ODPS.Entity.csproj", "{E7A75501-78B9-4729-A4CF-94B61A87A1F1}"
EndProject
Project("{2150E333-8FDC-42A3-9474-1A3956D46DE8}") = "RDS", "RDS", "{84257D9B-0FA9-4AB2-A16A-89A5D77B6DBB}"
	ProjectSection(FolderStartupServices) = postProject
		{B4F97281-0DBD-4835-9ED8-7DFB966E87FF} = {B4F97281-0DBD-4835-9ED8-7DFB966E87FF}
	EndProjectSection
EndProject
Project("{FAE04EC0-301F-11D3-BF4B-00C04F79EFBC}") = "NZPostOffice.RDS", "NZPostOffice.RDS\NZPostOffice.RDS.csproj", "{6C20CC8C-4C7E-4CC0-AF37-94387C1DCDD3}"
EndProject
Project("{FAE04EC0-301F-11D3-BF4B-00C04F79EFBC}") = "NZPostOffice.RDS.DataControls", "NZPostOffice.RDS.DataControls\NZPostOffice.RDS.DataControls.csproj", "{B22852B4-760D-4D92-9718-BB84EEC932AA}"
EndProject
Project("{FAE04EC0-301F-11D3-BF4B-00C04F79EFBC}") = "NZPostOffice.RDS.DataService", "NZPostOffice.RDS.DataService\NZPostOffice.RDS.DataService.csproj", "{E980E461-4615-401E-9EC9-F4A9AD09DF0A}"
EndProject
Project("{FAE04EC0-301F-11D3-BF4B-00C04F79EFBC}") = "NZPostOffice.RDS.Entity", "NZPostOffice.RDS.Entity\NZPostOffice.RDS.Entity.csproj", "{2DB6C3D1-4F3F-49D5-888E-7A51201E2350}"
EndProject
Project("{2150E333-8FDC-42A3-9474-1A3956D46DE8}") = "DatabaseScripts", "DatabaseScripts", "{E13EAAE4-542F-4DAB-A789-F5AF4324AEE7}"
	ProjectSection(SolutionItems) = preProject
		ALL_SP_FUNCTN_MSSQL.sql = ALL_SP_FUNCTN_MSSQL.sql
	EndProjectSection
	ProjectSection(FolderStartupServices) = postProject
		{B4F97281-0DBD-4835-9ED8-7DFB966E87FF} = {B4F97281-0DBD-4835-9ED8-7DFB966E87FF}
	EndProjectSection
EndProject
Project("{54435603-DBB4-11D2-8724-00A0C9A8B90C}") = "RDSSetup", "RDSSetup\RDSSetup.vdproj", "{264A0496-4984-4D14-B4DE-ACC4C31ED12F}"
EndProject
Project("{54435603-DBB4-11D2-8724-00A0C9A8B90C}") = "ODPSSetup", "ODPSSetup\ODPSSetup.vdproj", "{66AAFCDD-BBA4-49D6-B19A-95AA198FA194}"
EndProject
Project("{2150E333-8FDC-42A3-9474-1A3956D46DE8}") = "StoredProcs", "StoredProcs", "{1518FB8C-A2CB-40FC-A70C-036D436D1780}"
EndProject
Project("{2150E333-8FDC-42A3-9474-1A3956D46DE8}") = "odps", "odps", "{77C77D1C-6D1B-4C86-9D75-92857AE9912E}"
	ProjectSection(SolutionItems) = preProject
		DDL\StoredProcs\odps\hcn.sql = DDL\StoredProcs\odps\hcn.sql
		DDL\StoredProcs\odps\new_pots.sql = DDL\StoredProcs\odps\new_pots.sql
		DDL\StoredProcs\odps\OD_BLF_GetNextSequence.sql = DDL\StoredProcs\odps\OD_BLF_GetNextSequence.sql
		DDL\StoredProcs\odps\OD_BLF_Mainrun.sql = DDL\StoredProcs\odps\OD_BLF_Mainrun.sql
		DDL\StoredProcs\odps\OD_BLF_Mainrun_Accept.sql = DDL\StoredProcs\odps\OD_BLF_Mainrun_Accept.sql
		DDL\StoredProcs\odps\OD_BLF_Mainrun_Grosspay.sql = DDL\StoredProcs\odps\OD_BLF_Mainrun_Grosspay.sql
		DDL\StoredProcs\odps\OD_BLF_Mainrun_Grosspay_Piecerates.sql = DDL\StoredProcs\odps\OD_BLF_Mainrun_Grosspay_Piecerates.sql
		DDL\StoredProcs\odps\OD_BLF_Mainrun_GST.sql = DDL\StoredProcs\odps\OD_BLF_Mainrun_GST.sql
		DDL\StoredProcs\odps\OD_BLF_Mainrun_PostTaxAdj.sql = DDL\StoredProcs\odps\OD_BLF_Mainrun_PostTaxAdj.sql
		DDL\StoredProcs\odps\OD_BLF_Mainrun_WithHoldingTax.sql = DDL\StoredProcs\odps\OD_BLF_Mainrun_WithHoldingTax.sql
		DDL\StoredProcs\odps\od_cts_accountcodes.sql = DDL\StoredProcs\odps\od_cts_accountcodes.sql
		DDL\StoredProcs\odps\OD_CTS_PaymentComponents.sql = DDL\StoredProcs\odps\OD_CTS_PaymentComponents.sql
		DDL\StoredProcs\odps\OD_CTS_PaymentComponentType.sql = DDL\StoredProcs\odps\OD_CTS_PaymentComponentType.sql
		DDL\StoredProcs\odps\OD_CTS_PBUCodes.sql = DDL\StoredProcs\odps\OD_CTS_PBUCodes.sql
		DDL\StoredProcs\odps\od_dws_ContractorList.sql = DDL\StoredProcs\odps\od_dws_ContractorList.sql
		DDL\StoredProcs\odps\OD_DWS_NetPay_Before_acceptance.sql = DDL\StoredProcs\odps\OD_DWS_NetPay_Before_acceptance.sql
		DDL\StoredProcs\odps\od_dws_netpaydet_before_acceptance.sql = DDL\StoredProcs\odps\od_dws_netpaydet_before_acceptance.sql
		DDL\StoredProcs\odps\OD_DWS_OwnerDriver_Search.sql = DDL\StoredProcs\odps\OD_DWS_OwnerDriver_Search.sql
		DDL\StoredProcs\odps\OD_DWS_OwnerDriver_Search_Region.sql = DDL\StoredProcs\odps\OD_DWS_OwnerDriver_Search_Region.sql
		DDL\StoredProcs\odps\OD_DWS_OwnerDriver_Search_Region_v2.sql = DDL\StoredProcs\odps\OD_DWS_OwnerDriver_Search_Region_v2.sql
		DDL\StoredProcs\odps\OD_MiscF_Get_Invoicenumber_old.sql = DDL\StoredProcs\odps\OD_MiscF_Get_Invoicenumber_old.sql
		DDL\StoredProcs\odps\od_OwnerDriver.sql = DDL\StoredProcs\odps\od_OwnerDriver.sql
		DDL\StoredProcs\odps\OD_RPF_Invoice_pay_piecerate_detail.sql = DDL\StoredProcs\odps\OD_RPF_Invoice_pay_piecerate_detail.sql
		DDL\StoredProcs\odps\OD_RPF_Invoice_pay_piecerate_detailv2.sql = DDL\StoredProcs\odps\OD_RPF_Invoice_pay_piecerate_detailv2.sql
		DDL\StoredProcs\odps\OD_RPS_AP_Interface_Footer.sql = DDL\StoredProcs\odps\OD_RPS_AP_Interface_Footer.sql
		DDL\StoredProcs\odps\OD_RPS_AP_Interface_Footer_consolidated.sql = DDL\StoredProcs\odps\OD_RPS_AP_Interface_Footer_consolidated.sql
		DDL\StoredProcs\odps\OD_RPS_AP_Interface_Header.sql = DDL\StoredProcs\odps\OD_RPS_AP_Interface_Header.sql
		DDL\StoredProcs\odps\OD_RPS_AuditContractsOwnerDriver.sql = DDL\StoredProcs\odps\OD_RPS_AuditContractsOwnerDriver.sql
		DDL\StoredProcs\odps\OD_RPS_GL_Interface_for_Accruals.sql = DDL\StoredProcs\odps\OD_RPS_GL_Interface_for_Accruals.sql
		DDL\StoredProcs\odps\OD_RPS_GL_Interface_for_AccrualsSummary.sql = DDL\StoredProcs\odps\OD_RPS_GL_Interface_for_AccrualsSummary.sql
		DDL\StoredProcs\odps\OD_RPS_GL_Interface_for_AccrualsSummary_old.sql = DDL\StoredProcs\odps\OD_RPS_GL_Interface_for_AccrualsSummary_old.sql
		DDL\StoredProcs\odps\OD_RPS_GL_Interface_for_Payment.sql = DDL\StoredProcs\odps\OD_RPS_GL_Interface_for_Payment.sql
		DDL\StoredProcs\odps\OD_RPS_GrossPayVariance.sql = DDL\StoredProcs\odps\OD_RPS_GrossPayVariance.sql
		DDL\StoredProcs\odps\OD_RPS_Invoice_deductions.sql = DDL\StoredProcs\odps\OD_RPS_Invoice_deductions.sql
		DDL\StoredProcs\odps\OD_RPS_Invoice_message.sql = DDL\StoredProcs\odps\OD_RPS_Invoice_message.sql
		DDL\StoredProcs\odps\OD_RPS_Invoice_pay.sql = DDL\StoredProcs\odps\OD_RPS_Invoice_pay.sql
		DDL\StoredProcs\odps\OD_RPS_Invoice_pay_adjustments.sql = DDL\StoredProcs\odps\OD_RPS_Invoice_pay_adjustments.sql
		DDL\StoredProcs\odps\OD_RPS_Invoice_pay_piecerate.sql = DDL\StoredProcs\odps\OD_RPS_Invoice_pay_piecerate.sql
		DDL\StoredProcs\odps\OD_RPS_Invoice_pay_piecerate_detail.sql = DDL\StoredProcs\odps\OD_RPS_Invoice_pay_piecerate_detail.sql
		DDL\StoredProcs\odps\OD_RPS_Invoice_pay_piecerate_detailcp.sql = DDL\StoredProcs\odps\OD_RPS_Invoice_pay_piecerate_detailcp.sql
		DDL\StoredProcs\odps\OD_RPS_Invoice_pay_piecerate_detailkm.sql = DDL\StoredProcs\odps\OD_RPS_Invoice_pay_piecerate_detailkm.sql
		DDL\StoredProcs\odps\OD_RPS_Invoice_pay_piecerate_detailpp.sql = DDL\StoredProcs\odps\OD_RPS_Invoice_pay_piecerate_detailpp.sql
		DDL\StoredProcs\odps\OD_RPS_Invoice_pay_piecerate_detailxp.sql = DDL\StoredProcs\odps\OD_RPS_Invoice_pay_piecerate_detailxp.sql
		DDL\StoredProcs\odps\OD_RPS_IR13_Interface_Detail.sql = DDL\StoredProcs\odps\OD_RPS_IR13_Interface_Detail.sql
		DDL\StoredProcs\odps\OD_RPS_IR13_Interface_Header.sql = DDL\StoredProcs\odps\OD_RPS_IR13_Interface_Header.sql
		DDL\StoredProcs\odps\od_rps_ir348detail.sql = DDL\StoredProcs\odps\od_rps_ir348detail.sql
		DDL\StoredProcs\odps\od_rps_ir348detail_Exception.sql = DDL\StoredProcs\odps\od_rps_ir348detail_Exception.sql
		DDL\StoredProcs\odps\od_rps_ir348header.sql = DDL\StoredProcs\odps\od_rps_ir348header.sql
		DDL\StoredProcs\odps\OD_RPS_IR66ES.sql = DDL\StoredProcs\odps\OD_RPS_IR66ES.sql
		DDL\StoredProcs\odps\OD_RPS_IR66ES_old.sql = DDL\StoredProcs\odps\OD_RPS_IR66ES_old.sql
		DDL\StoredProcs\odps\OD_RPS_IR66N.sql = DDL\StoredProcs\odps\OD_RPS_IR66N.sql
		DDL\StoredProcs\odps\OD_RPS_IR68A_IR68P.sql = DDL\StoredProcs\odps\OD_RPS_IR68A_IR68P.sql
		DDL\StoredProcs\odps\OD_RPS_NationalChangesHistory.sql = DDL\StoredProcs\odps\OD_RPS_NationalChangesHistory.sql
		DDL\StoredProcs\odps\OD_RPS_NegativePay.sql = DDL\StoredProcs\odps\OD_RPS_NegativePay.sql
		DDL\StoredProcs\odps\OD_RPS_NetPayVariance.sql = DDL\StoredProcs\odps\OD_RPS_NetPayVariance.sql
		DDL\StoredProcs\odps\OD_RPS_Pay_Summary.sql = DDL\StoredProcs\odps\OD_RPS_Pay_Summary.sql
		DDL\StoredProcs\odps\OD_RPS_Pay_Summary_ctype.sql = DDL\StoredProcs\odps\OD_RPS_Pay_Summary_ctype.sql
		DDL\StoredProcs\odps\OD_RPS_PostTaxAdjustments.sql = DDL\StoredProcs\odps\OD_RPS_PostTaxAdjustments.sql
		DDL\StoredProcs\odps\OD_RPS_PostTaxAdjustments_Region.sql = DDL\StoredProcs\odps\OD_RPS_PostTaxAdjustments_Region.sql
		DDL\StoredProcs\odps\OD_RPS_TNegativePay.sql = DDL\StoredProcs\odps\OD_RPS_TNegativePay.sql
		DDL\StoredProcs\odps\OD_RPS_UpdatedContractors.sql = DDL\StoredProcs\odps\OD_RPS_UpdatedContractors.sql
		DDL\StoredProcs\odps\OD_RPS_VolumesValues.sql = DDL\StoredProcs\odps\OD_RPS_VolumesValues.sql
		DDL\StoredProcs\odps\OD_RPS_VolumesValues_Detail.sql = DDL\StoredProcs\odps\OD_RPS_VolumesValues_Detail.sql
		DDL\StoredProcs\odps\OD_RPS_VolumesValues_Detailv2.sql = DDL\StoredProcs\odps\OD_RPS_VolumesValues_Detailv2.sql
		DDL\StoredProcs\odps\OD_RPS_VolumesValues_Summary.sql = DDL\StoredProcs\odps\OD_RPS_VolumesValues_Summary.sql
		DDL\StoredProcs\odps\OD_RPS_VolumesValuesV2.sql = DDL\StoredProcs\odps\OD_RPS_VolumesValuesV2.sql
		DDL\StoredProcs\odps\OD_RPS_WithholdingTax.sql = DDL\StoredProcs\odps\OD_RPS_WithholdingTax.sql
		DDL\StoredProcs\odps\OD_RPS_YearlyEarnings.sql = DDL\StoredProcs\odps\OD_RPS_YearlyEarnings.sql
		DDL\StoredProcs\odps\OD_Z________________________________________.sql = DDL\StoredProcs\odps\OD_Z________________________________________.sql
		DDL\StoredProcs\odps\sp_ContractorList.sql = DDL\StoredProcs\odps\sp_ContractorList.sql
		DDL\StoredProcs\odps\sp_DDDW_Regions.sql = DDL\StoredProcs\odps\sp_DDDW_Regions.sql
		DDL\StoredProcs\odps\sp_rd_auditlog.sql = DDL\StoredProcs\odps\sp_rd_auditlog.sql
		DDL\StoredProcs\odps\sp_sync.sql = DDL\StoredProcs\odps\sp_sync.sql
	EndProjectSection
EndProject
Project("{2150E333-8FDC-42A3-9474-1A3956D46DE8}") = "rd", "rd", "{7ED95002-823E-4E69-95B9-C073AA6504F5}"
	ProjectSection(SolutionItems) = preProject
		DDL\StoredProcs\rd\anzac_fix.sql = DDL\StoredProcs\rd\anzac_fix.sql
		DDL\StoredProcs\rd\cust_survey.sql = DDL\StoredProcs\rd\cust_survey.sql
		DDL\StoredProcs\rd\EstAdPost.sql = DDL\StoredProcs\rd\EstAdPost.sql
		DDL\StoredProcs\rd\EstAdPostAll.sql = DDL\StoredProcs\rd\EstAdPostAll.sql
		DDL\StoredProcs\rd\EstCourPost.sql = DDL\StoredProcs\rd\EstCourPost.sql
		DDL\StoredProcs\rd\EstCourPostAll.sql = DDL\StoredProcs\rd\EstCourPostAll.sql
		DDL\StoredProcs\rd\f_create_road.sql = DDL\StoredProcs\rd\f_create_road.sql
		DDL\StoredProcs\rd\f_getNextSequence.sql = DDL\StoredProcs\rd\f_getNextSequence.sql
		DDL\StoredProcs\rd\f_rds_npad_addr_occupied.sql = DDL\StoredProcs\rd\f_rds_npad_addr_occupied.sql
		DDL\StoredProcs\rd\f_rds_npad_delete_customer.sql = DDL\StoredProcs\rd\f_rds_npad_delete_customer.sql
		DDL\StoredProcs\rd\f_rds_npad_modify_customer.sql = DDL\StoredProcs\rd\f_rds_npad_modify_customer.sql
		DDL\StoredProcs\rd\f_rds_npad_transfer_customer.sql = DDL\StoredProcs\rd\f_rds_npad_transfer_customer.sql
		DDL\StoredProcs\rd\f_update_customers98.sql = DDL\StoredProcs\rd\f_update_customers98.sql
		DDL\StoredProcs\rd\f_update_customers98v2.sql = DDL\StoredProcs\rd\f_update_customers98v2.sql
		DDL\StoredProcs\rd\fix_address.sql = DDL\StoredProcs\rd\fix_address.sql
		DDL\StoredProcs\rd\get_redundant.sql = DDL\StoredProcs\rd\get_redundant.sql
		DDL\StoredProcs\rd\insert_PTDs.sql = DDL\StoredProcs\rd\insert_PTDs.sql
		DDL\StoredProcs\rd\jsresult.sql = DDL\StoredProcs\rd\jsresult.sql
		DDL\StoredProcs\rd\loadContractAdjustments.sql = DDL\StoredProcs\rd\loadContractAdjustments.sql
		DDL\StoredProcs\rd\mpt_customers_delta.sql = DDL\StoredProcs\rd\mpt_customers_delta.sql
		DDL\StoredProcs\rd\mpt_interests_delta.sql = DDL\StoredProcs\rd\mpt_interests_delta.sql
		DDL\StoredProcs\rd\mpt_transfer_customers.sql = DDL\StoredProcs\rd\mpt_transfer_customers.sql
		DDL\StoredProcs\rd\mpt_transfer_customers3.sql = DDL\StoredProcs\rd\mpt_transfer_customers3.sql
		DDL\StoredProcs\rd\mpt_transfer_interests.sql = DDL\StoredProcs\rd\mpt_transfer_interests.sql
		DDL\StoredProcs\rd\NPAD_get_address.sql = DDL\StoredProcs\rd\NPAD_get_address.sql
		DDL\StoredProcs\rd\npad_sp_SearchForAddress.sql = DDL\StoredProcs\rd\npad_sp_SearchForAddress.sql
		DDL\StoredProcs\rd\OD_CTS_AccountCodes.sql = DDL\StoredProcs\rd\OD_CTS_AccountCodes.sql
		DDL\StoredProcs\rd\OD_CTS_PaymentComponents.sql = DDL\StoredProcs\rd\OD_CTS_PaymentComponents.sql
		DDL\StoredProcs\rd\OD_CTS_PBUCodes.sql = DDL\StoredProcs\rd\OD_CTS_PBUCodes.sql
		DDL\StoredProcs\rd\p_getrandcust.sql = DDL\StoredProcs\rd\p_getrandcust.sql
		DDL\StoredProcs\rd\p_getrandcustomers.sql = DDL\StoredProcs\rd\p_getrandcustomers.sql
		DDL\StoredProcs\rd\pGetNumCusts.sql = DDL\StoredProcs\rd\pGetNumCusts.sql
		DDL\StoredProcs\rd\ps_count_articles.sql = DDL\StoredProcs\rd\ps_count_articles.sql
		DDL\StoredProcs\rd\ps_Customers.sql = DDL\StoredProcs\rd\ps_Customers.sql
		DDL\StoredProcs\rd\ps_Renewal_Information.sql = DDL\StoredProcs\rd\ps_Renewal_Information.sql
		DDL\StoredProcs\rd\ps_serviceplan.sql = DDL\StoredProcs\rd\ps_serviceplan.sql
		DDL\StoredProcs\rd\rds_npad_create_address.sql = DDL\StoredProcs\rd\rds_npad_create_address.sql
		DDL\StoredProcs\rd\rds_npad_create_road.sql = DDL\StoredProcs\rd\rds_npad_create_road.sql
		DDL\StoredProcs\rd\rds_npad_delete_address.sql = DDL\StoredProcs\rd\rds_npad_delete_address.sql
		DDL\StoredProcs\rd\rds_npad_delete_road.sql = DDL\StoredProcs\rd\rds_npad_delete_road.sql
		DDL\StoredProcs\rd\rds_npad_merge_address.sql = DDL\StoredProcs\rd\rds_npad_merge_address.sql
		DDL\StoredProcs\rd\rds_npad_modify_address.sql = DDL\StoredProcs\rd\rds_npad_modify_address.sql
		DDL\StoredProcs\rd\sp_Connect.sql = DDL\StoredProcs\rd\sp_Connect.sql
		DDL\StoredProcs\rd\sp_Contract_Payments.sql = DDL\StoredProcs\rd\sp_Contract_Payments.sql
		DDL\StoredProcs\rd\sp_contract_voldetails.sql = DDL\StoredProcs\rd\sp_contract_voldetails.sql
		DDL\StoredProcs\rd\sp_Contractor.sql = DDL\StoredProcs\rd\sp_Contractor.sql
		DDL\StoredProcs\rd\sp_Contractor32.sql = DDL\StoredProcs\rd\sp_Contractor32.sql
		DDL\StoredProcs\rd\sp_contractor_label.sql = DDL\StoredProcs\rd\sp_contractor_label.sql
		DDL\StoredProcs\rd\sp_contractor_labelold.sql = DDL\StoredProcs\rd\sp_contractor_labelold.sql
		DDL\StoredProcs\rd\sp_contractor_labels.sql = DDL\StoredProcs\rd\sp_contractor_labels.sql
		DDL\StoredProcs\rd\sp_ContractSummaryDetails.sql = DDL\StoredProcs\rd\sp_ContractSummaryDetails.sql
		DDL\StoredProcs\rd\sp_ContractSummaryList.sql = DDL\StoredProcs\rd\sp_ContractSummaryList.sql
		DDL\StoredProcs\rd\sp_ContractSummaryPiecerates.sql = DDL\StoredProcs\rd\sp_ContractSummaryPiecerates.sql
		DDL\StoredProcs\rd\sp_CreateTFC.sql = DDL\StoredProcs\rd\sp_CreateTFC.sql
		DDL\StoredProcs\rd\sp_cust_list_any.sql = DDL\StoredProcs\rd\sp_cust_list_any.sql
		DDL\StoredProcs\rd\sp_cust_list_con.sql = DDL\StoredProcs\rd\sp_cust_list_con.sql
		DDL\StoredProcs\rd\sp_cust_list_con_export.sql = DDL\StoredProcs\rd\sp_cust_list_con_export.sql
		DDL\StoredProcs\rd\sp_cust_list_town.sql = DDL\StoredProcs\rd\sp_cust_list_town.sql
		DDL\StoredProcs\rd\sp_cust_list_variable.sql = DDL\StoredProcs\rd\sp_cust_list_variable.sql
		DDL\StoredProcs\rd\sp_DDDW_AllowanceType.sql = DDL\StoredProcs\rd\sp_DDDW_AllowanceType.sql
		DDL\StoredProcs\rd\sp_DDDW_contract.sql = DDL\StoredProcs\rd\sp_DDDW_contract.sql
		DDL\StoredProcs\rd\sp_DDDW_contract_renewals.sql = DDL\StoredProcs\rd\sp_DDDW_contract_renewals.sql
		DDL\StoredProcs\rd\sp_DDDW_ContractTypes.sql = DDL\StoredProcs\rd\sp_DDDW_ContractTypes.sql
		DDL\StoredProcs\rd\sp_DDDW_ContractTypes_new.sql = DDL\StoredProcs\rd\sp_DDDW_ContractTypes_new.sql
		DDL\StoredProcs\rd\sp_DDDW_FixedAssetTypes.sql = DDL\StoredProcs\rd\sp_DDDW_FixedAssetTypes.sql
		DDL\StoredProcs\rd\sp_DDDW_MailCategory.sql = DDL\StoredProcs\rd\sp_DDDW_MailCategory.sql
		DDL\StoredProcs\rd\sp_DDDW_Outlets.sql = DDL\StoredProcs\rd\sp_DDDW_Outlets.sql
		DDL\StoredProcs\rd\sp_DDDW_PieceRates.sql = DDL\StoredProcs\rd\sp_DDDW_PieceRates.sql
		DDL\StoredProcs\rd\sp_DDDW_PieceRateSuppliers.sql = DDL\StoredProcs\rd\sp_DDDW_PieceRateSuppliers.sql
		DDL\StoredProcs\rd\sp_DDDW_PointTypes.sql = DDL\StoredProcs\rd\sp_DDDW_PointTypes.sql
		DDL\StoredProcs\rd\sp_DDDW_rb_contract.sql = DDL\StoredProcs\rd\sp_DDDW_rb_contract.sql
		DDL\StoredProcs\rd\sp_DDDW_RB_MailCategory.sql = DDL\StoredProcs\rd\sp_DDDW_RB_MailCategory.sql
		DDL\StoredProcs\rd\sp_DDDW_rb_Regions.sql = DDL\StoredProcs\rd\sp_DDDW_rb_Regions.sql
		DDL\StoredProcs\rd\sp_DDDW_RB_StandardFrequency.sql = DDL\StoredProcs\rd\sp_DDDW_RB_StandardFrequency.sql
		DDL\StoredProcs\rd\sp_DDDW_rbcust.sql = DDL\StoredProcs\rd\sp_DDDW_rbcust.sql
		DDL\StoredProcs\rd\sp_DDDW_region_contracts.sql = DDL\StoredProcs\rd\sp_DDDW_region_contracts.sql
		DDL\StoredProcs\rd\sp_DDDW_Regions.sql = DDL\StoredProcs\rd\sp_DDDW_Regions.sql
		DDL\StoredProcs\rd\sp_DDDW_RenewalGroupList.sql = DDL\StoredProcs\rd\sp_DDDW_RenewalGroupList.sql
		DDL\StoredProcs\rd\sp_DDDW_RenewalGroups.sql = DDL\StoredProcs\rd\sp_DDDW_RenewalGroups.sql
		DDL\StoredProcs\rd\sp_DDDW_Routefreq_new.sql = DDL\StoredProcs\rd\sp_DDDW_Routefreq_new.sql
		DDL\StoredProcs\rd\sp_DDDW_StandardFrequency.sql = DDL\StoredProcs\rd\sp_DDDW_StandardFrequency.sql
		DDL\StoredProcs\rd\sp_DDDW_Verbs.sql = DDL\StoredProcs\rd\sp_DDDW_Verbs.sql
		DDL\StoredProcs\rd\sp_DDLB_DeliveryDays.sql = DDL\StoredProcs\rd\sp_DDLB_DeliveryDays.sql
		DDL\StoredProcs\rd\sp_deed_compliance_addr.sql = DDL\StoredProcs\rd\sp_deed_compliance_addr.sql
		DDL\StoredProcs\rd\sp_deed_compliance_cust.sql = DDL\StoredProcs\rd\sp_deed_compliance_cust.sql
		DDL\StoredProcs\rd\sp_deed_compliance_occupied.sql = DDL\StoredProcs\rd\sp_deed_compliance_occupied.sql
		DDL\StoredProcs\rd\sp_Extension_CustCount.sql = DDL\StoredProcs\rd\sp_Extension_CustCount.sql
		DDL\StoredProcs\rd\sp_Extension_CustCount2.sql = DDL\StoredProcs\rd\sp_Extension_CustCount2.sql
		DDL\StoredProcs\rd\sp_Extension_DaysPerAnnum.sql = DDL\StoredProcs\rd\sp_Extension_DaysPerAnnum.sql
		DDL\StoredProcs\rd\sp_Extension_Deliverytime.sql = DDL\StoredProcs\rd\sp_Extension_Deliverytime.sql
		DDL\StoredProcs\rd\sp_Extension_RFDistance.sql = DDL\StoredProcs\rd\sp_Extension_RFDistance.sql
		DDL\StoredProcs\rd\sp_FindContractsForProc.sql = DDL\StoredProcs\rd\sp_FindContractsForProc.sql
		DDL\StoredProcs\rd\sp_FindContractsForProc2.sql = DDL\StoredProcs\rd\sp_FindContractsForProc2.sql
		DDL\StoredProcs\rd\sp_FindContractsForProc2001.sql = DDL\StoredProcs\rd\sp_FindContractsForProc2001.sql
		DDL\StoredProcs\rd\sp_FindContractsForProc_old.sql = DDL\StoredProcs\rd\sp_FindContractsForProc_old.sql
		DDL\StoredProcs\rd\sp_FindContractsForProc_paul.sql = DDL\StoredProcs\rd\sp_FindContractsForProc_paul.sql
		DDL\StoredProcs\rd\sp_get_non_vehicle_override_rates.sql = DDL\StoredProcs\rd\sp_get_non_vehicle_override_rates.sql
		DDL\StoredProcs\rd\sp_Get_other_override_rates.sql = DDL\StoredProcs\rd\sp_Get_other_override_rates.sql
		DDL\StoredProcs\rd\sp_Get_vehicle_override_rates.sql = DDL\StoredProcs\rd\sp_Get_vehicle_override_rates.sql
		DDL\StoredProcs\rd\sp_GetArticalCount.sql = DDL\StoredProcs\rd\sp_GetArticalCount.sql
		DDL\StoredProcs\rd\sp_GetBenchmarkRpt2006.sql = DDL\StoredProcs\rd\sp_GetBenchmarkRpt2006.sql
		DDL\StoredProcs\rd\sp_GetBenchmarkRptVehicleStdRates2001.sql = DDL\StoredProcs\rd\sp_GetBenchmarkRptVehicleStdRates2001.sql
		DDL\StoredProcs\rd\sp_GetColDef.sql = DDL\StoredProcs\rd\sp_GetColDef.sql
		DDL\StoredProcs\rd\sp_getConNumbers.sql = DDL\StoredProcs\rd\sp_getConNumbers.sql
		DDL\StoredProcs\rd\sp_GetContAdjustments.sql = DDL\StoredProcs\rd\sp_GetContAdjustments.sql
		DDL\StoredProcs\rd\sp_GetContAdjustmentsOdps.sql = DDL\StoredProcs\rd\sp_GetContAdjustmentsOdps.sql
		DDL\StoredProcs\rd\sp_GetContCustomers.sql = DDL\StoredProcs\rd\sp_GetContCustomers.sql
		DDL\StoredProcs\rd\sp_GetContCustomersv2.sql = DDL\StoredProcs\rd\sp_GetContCustomersv2.sql
		DDL\StoredProcs\rd\sp_GetContract.sql = DDL\StoredProcs\rd\sp_GetContract.sql
		DDL\StoredProcs\rd\sp_GetContract32.sql = DDL\StoredProcs\rd\sp_GetContract32.sql
		DDL\StoredProcs\rd\sp_GetContractAdjust.sql = DDL\StoredProcs\rd\sp_GetContractAdjust.sql
		DDL\StoredProcs\rd\sp_GetContractAllowance.sql = DDL\StoredProcs\rd\sp_GetContractAllowance.sql
		DDL\StoredProcs\rd\sp_GetContractArtCnts.sql = DDL\StoredProcs\rd\sp_GetContractArtCnts.sql
		DDL\StoredProcs\rd\sp_GetContractFixedAssets.sql = DDL\StoredProcs\rd\sp_GetContractFixedAssets.sql
		DDL\StoredProcs\rd\sp_GetContractODPS.sql = DDL\StoredProcs\rd\sp_GetContractODPS.sql
		DDL\StoredProcs\rd\sp_GetContractor.sql = DDL\StoredProcs\rd\sp_GetContractor.sql
		DDL\StoredProcs\rd\sp_GetContractorDS.sql = DDL\StoredProcs\rd\sp_GetContractorDS.sql
		DDL\StoredProcs\rd\sp_GetContractorFull.sql = DDL\StoredProcs\rd\sp_GetContractorFull.sql
		DDL\StoredProcs\rd\sp_GetContractorFullODPS.sql = DDL\StoredProcs\rd\sp_GetContractorFullODPS.sql
		DDL\StoredProcs\rd\sp_GetContractorsContracts.sql = DDL\StoredProcs\rd\sp_GetContractorsContracts.sql
		DDL\StoredProcs\rd\sp_GetContractorsRegion.sql = DDL\StoredProcs\rd\sp_GetContractorsRegion.sql
		DDL\StoredProcs\rd\sp_GetContractPieceRates.sql = DDL\StoredProcs\rd\sp_GetContractPieceRates.sql
		DDL\StoredProcs\rd\sp_GetContractPieceRatesODPS.sql = DDL\StoredProcs\rd\sp_GetContractPieceRatesODPS.sql
		DDL\StoredProcs\rd\sp_GetContractsForWhatIf.sql = DDL\StoredProcs\rd\sp_GetContractsForWhatIf.sql
		DDL\StoredProcs\rd\sp_GetCurrentrenewal.sql = DDL\StoredProcs\rd\sp_GetCurrentrenewal.sql
		DDL\StoredProcs\rd\sp_GetCustInfo.sql = DDL\StoredProcs\rd\sp_GetCustInfo.sql
		DDL\StoredProcs\rd\sp_GetCustInterest.sql = DDL\StoredProcs\rd\sp_GetCustInterest.sql
		DDL\StoredProcs\rd\sp_GetCustInterestStat.sql = DDL\StoredProcs\rd\sp_GetCustInterestStat.sql
		DDL\StoredProcs\rd\sp_GetCustinterestStatV2.sql = DDL\StoredProcs\rd\sp_GetCustinterestStatV2.sql
		DDL\StoredProcs\rd\sp_GetCustMailCat.sql = DDL\StoredProcs\rd\sp_GetCustMailCat.sql
		DDL\StoredProcs\rd\sp_GetCustOccupation.sql = DDL\StoredProcs\rd\sp_GetCustOccupation.sql
		DDL\StoredProcs\rd\sp_GetCustOccupationStat.sql = DDL\StoredProcs\rd\sp_GetCustOccupationStat.sql
		DDL\StoredProcs\rd\sp_GetCustoccupationStatV2.sql = DDL\StoredProcs\rd\sp_GetCustoccupationStatV2.sql
		DDL\StoredProcs\rd\sp_GetCustomer.sql = DDL\StoredProcs\rd\sp_GetCustomer.sql
		DDL\StoredProcs\rd\sp_GetCustomer2.sql = DDL\StoredProcs\rd\sp_GetCustomer2.sql
		DDL\StoredProcs\rd\sp_GetCustomer32.sql = DDL\StoredProcs\rd\sp_GetCustomer32.sql
		DDL\StoredProcs\rd\sp_GetCustomerCount.sql = DDL\StoredProcs\rd\sp_GetCustomerCount.sql
		DDL\StoredProcs\rd\sp_GetCustomerDetails.sql = DDL\StoredProcs\rd\sp_GetCustomerDetails.sql
		DDL\StoredProcs\rd\sp_GetCustomerDetailsForExport.sql = DDL\StoredProcs\rd\sp_GetCustomerDetailsForExport.sql
		DDL\StoredProcs\rd\sp_GetCustomerNoCommencement.sql = DDL\StoredProcs\rd\sp_GetCustomerNoCommencement.sql
		DDL\StoredProcs\rd\sp_GetExtnData.sql = DDL\StoredProcs\rd\sp_GetExtnData.sql
		DDL\StoredProcs\rd\sp_GetExtnData2001b.sql = DDL\StoredProcs\rd\sp_GetExtnData2001b.sql
		DDL\StoredProcs\rd\sp_GetExtnData2005.sql = DDL\StoredProcs\rd\sp_GetExtnData2005.sql
		DDL\StoredProcs\rd\sp_GetExtnDatav2.sql = DDL\StoredProcs\rd\sp_GetExtnDatav2.sql
		DDL\StoredProcs\rd\sp_GetFreqDistances.sql = DDL\StoredProcs\rd\sp_GetFreqDistances.sql
		DDL\StoredProcs\rd\sp_GetFuelRates.sql = DDL\StoredProcs\rd\sp_GetFuelRates.sql
		DDL\StoredProcs\rd\sp_GetFuelRates2001.sql = DDL\StoredProcs\rd\sp_GetFuelRates2001.sql
		DDL\StoredProcs\rd\sp_GetMailCarried.sql = DDL\StoredProcs\rd\sp_GetMailCarried.sql
		DDL\StoredProcs\rd\sp_GetMiscRate.sql = DDL\StoredProcs\rd\sp_GetMiscRate.sql
		DDL\StoredProcs\rd\sp_GetNonVehicleRenewalRates.sql = DDL\StoredProcs\rd\sp_GetNonVehicleRenewalRates.sql
		DDL\StoredProcs\rd\sp_GetNonVehicleRenewaRate.sql = DDL\StoredProcs\rd\sp_GetNonVehicleRenewaRate.sql
		DDL\StoredProcs\rd\sp_GetPaymentExtract.sql = DDL\StoredProcs\rd\sp_GetPaymentExtract.sql
		DDL\StoredProcs\rd\sp_GetPerformanceSummary.sql = DDL\StoredProcs\rd\sp_GetPerformanceSummary.sql
		DDL\StoredProcs\rd\sp_GetPieceRateBreakDown.sql = DDL\StoredProcs\rd\sp_GetPieceRateBreakDown.sql
		DDL\StoredProcs\rd\sp_GetPieceRates.sql = DDL\StoredProcs\rd\sp_GetPieceRates.sql
		DDL\StoredProcs\rd\sp_GetPieceRates2001.sql = DDL\StoredProcs\rd\sp_GetPieceRates2001.sql
		DDL\StoredProcs\rd\sp_getrandcustomers.sql = DDL\StoredProcs\rd\sp_getrandcustomers.sql
		DDL\StoredProcs\rd\sp_GetRateDays2001.sql = DDL\StoredProcs\rd\sp_GetRateDays2001.sql
		DDL\StoredProcs\rd\sp_GetRawArticalCounts.sql = DDL\StoredProcs\rd\sp_GetRawArticalCounts.sql
		DDL\StoredProcs\rd\sp_GetRCMStatReport.sql = DDL\StoredProcs\rd\sp_GetRCMStatReport.sql
		DDL\StoredProcs\rd\sp_GetRdsUserGroup.sql = DDL\StoredProcs\rd\sp_GetRdsUserGroup.sql
		DDL\StoredProcs\rd\sp_GetRdsUserInfo.sql = DDL\StoredProcs\rd\sp_GetRdsUserInfo.sql
		DDL\StoredProcs\rd\sp_GetRecipient.sql = DDL\StoredProcs\rd\sp_GetRecipient.sql
		DDL\StoredProcs\rd\sp_GetRegionArticalCounts.sql = DDL\StoredProcs\rd\sp_GetRegionArticalCounts.sql
		DDL\StoredProcs\rd\sp_GetRegionOutletContracts.sql = DDL\StoredProcs\rd\sp_GetRegionOutletContracts.sql
		DDL\StoredProcs\rd\sp_GetRegions.sql = DDL\StoredProcs\rd\sp_GetRegions.sql
		DDL\StoredProcs\rd\sp_GetRenewal.sql = DDL\StoredProcs\rd\sp_GetRenewal.sql
		DDL\StoredProcs\rd\sp_GetRenewalArtCnts.sql = DDL\StoredProcs\rd\sp_GetRenewalArtCnts.sql
		DDL\StoredProcs\rd\sp_GetRenewalFreqAdjust.sql = DDL\StoredProcs\rd\sp_GetRenewalFreqAdjust.sql
		DDL\StoredProcs\rd\sp_GetRenewalGroupRate.sql = DDL\StoredProcs\rd\sp_GetRenewalGroupRate.sql
		DDL\StoredProcs\rd\sp_GetRenewalGroupRatev2.sql = DDL\StoredProcs\rd\sp_GetRenewalGroupRatev2.sql
		DDL\StoredProcs\rd\sp_GetRenewalGroupRatev3.sql = DDL\StoredProcs\rd\sp_GetRenewalGroupRatev3.sql
		DDL\StoredProcs\rd\sp_GetRenewalInfo.sql = DDL\StoredProcs\rd\sp_GetRenewalInfo.sql
		DDL\StoredProcs\rd\sp_GetRenewalListing.sql = DDL\StoredProcs\rd\sp_GetRenewalListing.sql
		DDL\StoredProcs\rd\sp_GetRenewalRates.sql = DDL\StoredProcs\rd\sp_GetRenewalRates.sql
		DDL\StoredProcs\rd\sp_GetRenewalRatesWihtRegion.sql = DDL\StoredProcs\rd\sp_GetRenewalRatesWihtRegion.sql
		DDL\StoredProcs\rd\sp_GetRenewalRatesWithDate.sql = DDL\StoredProcs\rd\sp_GetRenewalRatesWithDate.sql
		DDL\StoredProcs\rd\sp_GetRenewalRatesWithRegion2001.sql = DDL\StoredProcs\rd\sp_GetRenewalRatesWithRegion2001.sql
		DDL\StoredProcs\rd\sp_GetRenewalRatesWithRegion2001a.sql = DDL\StoredProcs\rd\sp_GetRenewalRatesWithRegion2001a.sql
		DDL\StoredProcs\rd\sp_GetRenewals.sql = DDL\StoredProcs\rd\sp_GetRenewals.sql
		DDL\StoredProcs\rd\sp_GetRoadMap.sql = DDL\StoredProcs\rd\sp_GetRoadMap.sql
		DDL\StoredProcs\rd\sp_GetRoadMap_v2.sql = DDL\StoredProcs\rd\sp_GetRoadMap_v2.sql
		DDL\StoredProcs\rd\sp_GetRoads_con.sql = DDL\StoredProcs\rd\sp_GetRoads_con.sql
		DDL\StoredProcs\rd\sp_GetRoads_intranet.sql = DDL\StoredProcs\rd\sp_GetRoads_intranet.sql
		DDL\StoredProcs\rd\sp_GetRoads_town.sql = DDL\StoredProcs\rd\sp_GetRoads_town.sql
		DDL\StoredProcs\rd\sp_GetRoadSuburbMap.sql = DDL\StoredProcs\rd\sp_GetRoadSuburbMap.sql
		DDL\StoredProcs\rd\sp_GetRoadSuburbMap_v2.sql = DDL\StoredProcs\rd\sp_GetRoadSuburbMap_v2.sql
		DDL\StoredProcs\rd\sp_GetRoadTownMap.sql = DDL\StoredProcs\rd\sp_GetRoadTownMap.sql
		DDL\StoredProcs\rd\sp_GetRoadTownMap_V2.sql = DDL\StoredProcs\rd\sp_GetRoadTownMap_V2.sql
		DDL\StoredProcs\rd\sp_GetRouteDescription.sql = DDL\StoredProcs\rd\sp_GetRouteDescription.sql
		DDL\StoredProcs\rd\sp_GetRouteDescription_2002.sql = DDL\StoredProcs\rd\sp_GetRouteDescription_2002.sql
		DDL\StoredProcs\rd\sp_GetRouteDescription_fast.sql = DDL\StoredProcs\rd\sp_GetRouteDescription_fast.sql
		DDL\StoredProcs\rd\sp_GetRouteDescription_fast32.sql = DDL\StoredProcs\rd\sp_GetRouteDescription_fast32.sql
		DDL\StoredProcs\rd\sp_GetRouteFrequency.sql = DDL\StoredProcs\rd\sp_GetRouteFrequency.sql
		DDL\StoredProcs\rd\sp_GetRouteFrequency2001.sql = DDL\StoredProcs\rd\sp_GetRouteFrequency2001.sql
		DDL\StoredProcs\rd\sp_GetSummaryFrequencies.sql = DDL\StoredProcs\rd\sp_GetSummaryFrequencies.sql
		DDL\StoredProcs\rd\sp_GetTown_list.sql = DDL\StoredProcs\rd\sp_GetTown_list.sql
		DDL\StoredProcs\rd\sp_GetTownSuburbMap.sql = DDL\StoredProcs\rd\sp_GetTownSuburbMap.sql
		DDL\StoredProcs\rd\sp_GetTypesForContract.sql = DDL\StoredProcs\rd\sp_GetTypesForContract.sql
		DDL\StoredProcs\rd\sp_GetTypesForContractor.sql = DDL\StoredProcs\rd\sp_GetTypesForContractor.sql
		DDL\StoredProcs\rd\sp_GetUnconfirmedCustomers.sql = DDL\StoredProcs\rd\sp_GetUnconfirmedCustomers.sql
		DDL\StoredProcs\rd\sp_GetUnconfirmedCustomersCount.sql = DDL\StoredProcs\rd\sp_GetUnconfirmedCustomersCount.sql
		DDL\StoredProcs\rd\sp_getUnoccupied.sql = DDL\StoredProcs\rd\sp_getUnoccupied.sql
		DDL\StoredProcs\rd\sp_GetVehicleRate.sql = DDL\StoredProcs\rd\sp_GetVehicleRate.sql
		DDL\StoredProcs\rd\sp_GetWhatIfCalc2005.sql = DDL\StoredProcs\rd\sp_GetWhatIfCalc2005.sql
		DDL\StoredProcs\rd\sp_InitFuelRates.sql = DDL\StoredProcs\rd\sp_InitFuelRates.sql
		DDL\StoredProcs\rd\sp_interest.sql = DDL\StoredProcs\rd\sp_interest.sql
		DDL\StoredProcs\rd\sp_interest_list.sql = DDL\StoredProcs\rd\sp_interest_list.sql
		DDL\StoredProcs\rd\sp_MigrateDpa2002.sql = DDL\StoredProcs\rd\sp_MigrateDpa2002.sql
		DDL\StoredProcs\rd\sp_moduserlog.sql = DDL\StoredProcs\rd\sp_moduserlog.sql
		DDL\StoredProcs\rd\sp_nonumber_con.sql = DDL\StoredProcs\rd\sp_nonumber_con.sql
		DDL\StoredProcs\rd\sp_nonumber_town.sql = DDL\StoredProcs\rd\sp_nonumber_town.sql
		DDL\StoredProcs\rd\sp_Occupation.sql = DDL\StoredProcs\rd\sp_Occupation.sql
		DDL\StoredProcs\rd\sp_occupation_list.sql = DDL\StoredProcs\rd\sp_occupation_list.sql
		DDL\StoredProcs\rd\sp_out_val_list.sql = DDL\StoredProcs\rd\sp_out_val_list.sql
		DDL\StoredProcs\rd\sp_outlet_labels.sql = DDL\StoredProcs\rd\sp_outlet_labels.sql
		DDL\StoredProcs\rd\sp_PaymentProcess.sql = DDL\StoredProcs\rd\sp_PaymentProcess.sql
		DDL\StoredProcs\rd\sp_postcode_list.sql = DDL\StoredProcs\rd\sp_postcode_list.sql
		DDL\StoredProcs\rd\sp_PrepareMigrateDpa2002.sql = DDL\StoredProcs\rd\sp_PrepareMigrateDpa2002.sql
		DDL\StoredProcs\rd\sp_QS_Outlets.sql = DDL\StoredProcs\rd\sp_QS_Outlets.sql
		DDL\StoredProcs\rd\sp_rb_custlist.sql = DDL\StoredProcs\rd\sp_rb_custlist.sql
		DDL\StoredProcs\rd\sp_rb_custlist_count.sql = DDL\StoredProcs\rd\sp_rb_custlist_count.sql
		DDL\StoredProcs\rd\sp_rb_custlist_count2.sql = DDL\StoredProcs\rd\sp_rb_custlist_count2.sql
		DDL\StoredProcs\rd\sp_rb_custlist_mailcat.sql = DDL\StoredProcs\rd\sp_rb_custlist_mailcat.sql
		DDL\StoredProcs\rd\sp_rb_randcustlist.sql = DDL\StoredProcs\rd\sp_rb_randcustlist.sql
		DDL\StoredProcs\rd\sp_rb_randcustlist_to_randtable.sql = DDL\StoredProcs\rd\sp_rb_randcustlist_to_randtable.sql
		DDL\StoredProcs\rd\sp_rb_recipients.sql = DDL\StoredProcs\rd\sp_rb_recipients.sql
		DDL\StoredProcs\rd\sp_rd_auditlog.sql = DDL\StoredProcs\rd\sp_rd_auditlog.sql
		DDL\StoredProcs\rd\sp_rd_auditlog_addresschange.sql = DDL\StoredProcs\rd\sp_rd_auditlog_addresschange.sql
		DDL\StoredProcs\rd\sp_report_search.sql = DDL\StoredProcs\rd\sp_report_search.sql
		DDL\StoredProcs\rd\sp_resequencecusts.sql = DDL\StoredProcs\rd\sp_resequencecusts.sql
		DDL\StoredProcs\rd\sp_Route_Frequency.sql = DDL\StoredProcs\rd\sp_Route_Frequency.sql
		DDL\StoredProcs\rd\sp_RptMailCarried.sql = DDL\StoredProcs\rd\sp_RptMailCarried.sql
		DDL\StoredProcs\rd\sp_RptRouteDescription.sql = DDL\StoredProcs\rd\sp_RptRouteDescription.sql
		DDL\StoredProcs\rd\sp_RptRouteDescription2.sql = DDL\StoredProcs\rd\sp_RptRouteDescription2.sql
		DDL\StoredProcs\rd\sp_Schedule_A.sql = DDL\StoredProcs\rd\sp_Schedule_A.sql
		DDL\StoredProcs\rd\sp_schedule_B.sql = DDL\StoredProcs\rd\sp_schedule_B.sql
		DDL\StoredProcs\rd\sp_SearchForAddress.sql = DDL\StoredProcs\rd\sp_SearchForAddress.sql
		DDL\StoredProcs\rd\sp_SearchForAddress_v2.sql = DDL\StoredProcs\rd\sp_SearchForAddress_v2.sql
		DDL\StoredProcs\rd\sp_SearchForAddress_v2b.sql = DDL\StoredProcs\rd\sp_SearchForAddress_v2b.sql
		DDL\StoredProcs\rd\sp_SearchForContract.sql = DDL\StoredProcs\rd\sp_SearchForContract.sql
		DDL\StoredProcs\rd\sp_SearchForContract2.sql = DDL\StoredProcs\rd\sp_SearchForContract2.sql
		DDL\StoredProcs\rd\sp_SearchForContract3.sql = DDL\StoredProcs\rd\sp_SearchForContract3.sql
		DDL\StoredProcs\rd\sp_SearchForContractor.sql = DDL\StoredProcs\rd\sp_SearchForContractor.sql
		DDL\StoredProcs\rd\sp_SearchForContractor3.sql = DDL\StoredProcs\rd\sp_SearchForContractor3.sql
		DDL\StoredProcs\rd\sp_SequenceCust.sql = DDL\StoredProcs\rd\sp_SequenceCust.sql
		DDL\StoredProcs\rd\sp_summary_cust_list_cust.sql = DDL\StoredProcs\rd\sp_summary_cust_list_cust.sql
		DDL\StoredProcs\rd\sp_summary_cust_list_hdr.sql = DDL\StoredProcs\rd\sp_summary_cust_list_hdr.sql
		DDL\StoredProcs\rd\sp_summary_cust_list_seq.sql = DDL\StoredProcs\rd\sp_summary_cust_list_seq.sql
		DDL\StoredProcs\rd\sp_summary_cust_list_unseq.sql = DDL\StoredProcs\rd\sp_summary_cust_list_unseq.sql
		DDL\StoredProcs\rd\sp_UnsequenceCust.sql = DDL\StoredProcs\rd\sp_UnsequenceCust.sql
		DDL\StoredProcs\rd\sp_v_exp_region.sql = DDL\StoredProcs\rd\sp_v_exp_region.sql
		DDL\StoredProcs\rd\sp_v_exp_renew.sql = DDL\StoredProcs\rd\sp_v_exp_renew.sql
		DDL\StoredProcs\rd\sp_Vehicle.sql = DDL\StoredProcs\rd\sp_Vehicle.sql
		DDL\StoredProcs\rd\sp_VehicleAging.sql = DDL\StoredProcs\rd\sp_VehicleAging.sql
		DDL\StoredProcs\rd\sp_VehicleAgingDetails.sql = DDL\StoredProcs\rd\sp_VehicleAgingDetails.sql
		DDL\StoredProcs\rd\sp_vehiclesum_age.sql = DDL\StoredProcs\rd\sp_vehiclesum_age.sql
		DDL\StoredProcs\rd\sp_vehiclesum_agev2.sql = DDL\StoredProcs\rd\sp_vehiclesum_agev2.sql
		DDL\StoredProcs\rd\sp_vehiclesum_capacity.sql = DDL\StoredProcs\rd\sp_vehiclesum_capacity.sql
		DDL\StoredProcs\rd\sp_vehiclesum_capacityv2.sql = DDL\StoredProcs\rd\sp_vehiclesum_capacityv2.sql
		DDL\StoredProcs\rd\sp_vehiclesum_fuel.sql = DDL\StoredProcs\rd\sp_vehiclesum_fuel.sql
		DDL\StoredProcs\rd\sp_vehiclesum_fueltype.sql = DDL\StoredProcs\rd\sp_vehiclesum_fueltype.sql
		DDL\StoredProcs\rd\sp_vehiclesum_fueltypev2.sql = DDL\StoredProcs\rd\sp_vehiclesum_fueltypev2.sql
		DDL\StoredProcs\rd\sp_vehiclesum_vehicletype.sql = DDL\StoredProcs\rd\sp_vehiclesum_vehicletype.sql
		DDL\StoredProcs\rd\sp_vehiclesum_vehicletypev2.sql = DDL\StoredProcs\rd\sp_vehiclesum_vehicletypev2.sql
		DDL\StoredProcs\rd\temp_AddressMerge.sql = DDL\StoredProcs\rd\temp_AddressMerge.sql
		DDL\StoredProcs\rd\temp_LoadContractAdjustments.sql = DDL\StoredProcs\rd\temp_LoadContractAdjustments.sql
		DDL\StoredProcs\rd\test_proc.sql = DDL\StoredProcs\rd\test_proc.sql
		DDL\StoredProcs\rd\tjb_test_reseed.sql = DDL\StoredProcs\rd\tjb_test_reseed.sql
		DDL\StoredProcs\rd\update_id_codes.sql = DDL\StoredProcs\rd\update_id_codes.sql
		DDL\StoredProcs\rd\updatephones.sql = DDL\StoredProcs\rd\updatephones.sql
		DDL\StoredProcs\rd\v_expPercent_delete.sql = DDL\StoredProcs\rd\v_expPercent_delete.sql
	EndProjectSection
EndProject
Project("{2150E333-8FDC-42A3-9474-1A3956D46DE8}") = "Functions", "Functions", "{BFE8DF09-63DC-44E9-8ABB-D50ADBE02BF1}"
EndProject
Project("{2150E333-8FDC-42A3-9474-1A3956D46DE8}") = "Tables", "Tables", "{F882A7C1-B1A2-46F6-B53D-6DDDA51FDF36}"
EndProject
Project("{2150E333-8FDC-42A3-9474-1A3956D46DE8}") = "Views", "Views", "{A7713B40-7455-49AB-94B7-52A9F7C964C3}"
EndProject
Project("{2150E333-8FDC-42A3-9474-1A3956D46DE8}") = "odps", "odps", "{CFDF7B6B-27CF-41A5-B517-DA2120859AF2}"
	ProjectSection(SolutionItems) = preProject
		DDL\Functions\odps\OD________________________.sql = DDL\Functions\odps\OD________________________.sql
		DDL\Functions\odps\OD_BLF_Get_GrossPay.sql = DDL\Functions\odps\OD_BLF_Get_GrossPay.sql
		DDL\Functions\odps\OD_BLF_Get_GrossPay_PreAccept.sql = DDL\Functions\odps\OD_BLF_Get_GrossPay_PreAccept.sql
		DDL\Functions\odps\OD_BLF_Get_NetPay.sql = DDL\Functions\odps\OD_BLF_Get_NetPay.sql
		DDL\Functions\odps\OD_BLF_Get_NetPay_PreAccept.sql = DDL\Functions\odps\OD_BLF_Get_NetPay_PreAccept.sql
		DDL\Functions\odps\OD_BLF_GetContractorNo.sql = DDL\Functions\odps\OD_BLF_GetContractorNo.sql
		DDL\Functions\odps\OD_BLF_GetTaxRate.sql = DDL\Functions\odps\OD_BLF_GetTaxRate.sql
		DDL\Functions\odps\OD_BLF_GetWhichNational.sql = DDL\Functions\odps\OD_BLF_GetWhichNational.sql
		DDL\Functions\odps\OD_BLF_Mainrun_Checkrun.sql = DDL\Functions\odps\OD_BLF_Mainrun_Checkrun.sql
		DDL\Functions\odps\OD_BLF_MaxDate.sql = DDL\Functions\odps\OD_BLF_MaxDate.sql
		DDL\Functions\odps\OD_MiscF_Get_ACID.sql = DDL\Functions\odps\OD_MiscF_Get_ACID.sql
		DDL\Functions\odps\OD_MiscF_Get_Invoicenumber.sql = DDL\Functions\odps\OD_MiscF_Get_Invoicenumber.sql
		DDL\Functions\odps\OD_MiscF_Get_PCT_Sequence.sql = DDL\Functions\odps\OD_MiscF_Get_PCT_Sequence.sql
		DDL\Functions\odps\OD_MiscF_Get_PCT_SequenceConsolidated.sql = DDL\Functions\odps\OD_MiscF_Get_PCT_SequenceConsolidated.sql
		DDL\Functions\odps\OD_MiscF_GetFinYear.sql = DDL\Functions\odps\OD_MiscF_GetFinYear.sql
		DDL\Functions\odps\OD_MiscF_GetFirstDayofMonth.sql = DDL\Functions\odps\OD_MiscF_GetFirstDayofMonth.sql
		DDL\Functions\odps\OD_MiscF_GetLastDayofMonth.sql = DDL\Functions\odps\OD_MiscF_GetLastDayofMonth.sql
		DDL\Functions\odps\OD_MiscF_ParseIRDNo.sql = DDL\Functions\odps\OD_MiscF_ParseIRDNo.sql
		DDL\Functions\odps\OD_RPF_PCGetSum.sql = DDL\Functions\odps\OD_RPF_PCGetSum.sql
		DDL\Functions\odps\OD_RPF_PCGetSumYear.sql = DDL\Functions\odps\OD_RPF_PCGetSumYear.sql
		DDL\Functions\odps\OD_RPF_PCGetSumYear_spec.sql = DDL\Functions\odps\OD_RPF_PCGetSumYear_spec.sql
		DDL\Functions\odps\OD_RPF_PCNegitivePayGetSum.sql = DDL\Functions\odps\OD_RPF_PCNegitivePayGetSum.sql
		DDL\Functions\odps\OD_RPF_PCTGetSum.sql = DDL\Functions\odps\OD_RPF_PCTGetSum.sql
		DDL\Functions\odps\OD_RPF_PCTNegativePayGetSum.sql = DDL\Functions\odps\OD_RPF_PCTNegativePayGetSum.sql
		DDL\Functions\odps\OD_RPF_PCYearlyEarnings.sql = DDL\Functions\odps\OD_RPF_PCYearlyEarnings.sql
		DDL\Functions\odps\OD_RPS_AP_Interface_Footer_Amt.sql = DDL\Functions\odps\OD_RPS_AP_Interface_Footer_Amt.sql
		DDL\Functions\odps\v_fuelRateDescription.sql = DDL\Functions\odps\v_fuelRateDescription.sql
	EndProjectSection
EndProject
Project("{2150E333-8FDC-42A3-9474-1A3956D46DE8}") = "rd", "rd", "{3BDE2166-D405-4C91-8E56-63C1E563CB2A}"
	ProjectSection(SolutionItems) = preProject
		DDL\Functions\rd\AnnualDistance.sql = DDL\Functions\rd\AnnualDistance.sql
		DDL\Functions\rd\AnnualVolume.sql = DDL\Functions\rd\AnnualVolume.sql
		DDL\Functions\rd\BenchmarkCalc.sql = DDL\Functions\rd\BenchmarkCalc.sql
		DDL\Functions\rd\BenchmarkCalc2001.sql = DDL\Functions\rd\BenchmarkCalc2001.sql
		DDL\Functions\rd\BenchmarkCalc2005.sql = DDL\Functions\rd\BenchmarkCalc2005.sql
		DDL\Functions\rd\benchmarkCalcVeh.sql = DDL\Functions\rd\benchmarkCalcVeh.sql
		DDL\Functions\rd\benchmarkCalcVeh2005.sql = DDL\Functions\rd\benchmarkCalcVeh2005.sql
		DDL\Functions\rd\cl_mail_category.sql = DDL\Functions\rd\cl_mail_category.sql
		DDL\Functions\rd\cl_receipients.sql = DDL\Functions\rd\cl_receipients.sql
		DDL\Functions\rd\CoreContract.sql = DDL\Functions\rd\CoreContract.sql
		DDL\Functions\rd\CustsRegion.sql = DDL\Functions\rd\CustsRegion.sql
		DDL\Functions\rd\CustsRegionV2.sql = DDL\Functions\rd\CustsRegionV2.sql
		DDL\Functions\rd\Date.sql = DDL\Functions\rd\Date.sql
		DDL\Functions\rd\DayDistRegion.sql = DDL\Functions\rd\DayDistRegion.sql
		DDL\Functions\rd\DayDistRegionV2.sql = DDL\Functions\rd\DayDistRegionV2.sql
		DDL\Functions\rd\daysweek.sql = DDL\Functions\rd\daysweek.sql
		DDL\Functions\rd\f_CheckRates.sql = DDL\Functions\rd\f_CheckRates.sql
		DDL\Functions\rd\f_custlist_count.sql = DDL\Functions\rd\f_custlist_count.sql
		DDL\Functions\rd\f_estParcelPostValue.sql = DDL\Functions\rd\f_estParcelPostValue.sql
		DDL\Functions\rd\f_GetConsumptionRates.sql = DDL\Functions\rd\f_GetConsumptionRates.sql
		DDL\Functions\rd\f_GetConsumptionRates_whatif.sql = DDL\Functions\rd\f_GetConsumptionRates_whatif.sql
		DDL\Functions\rd\f_GetContractNo.sql = DDL\Functions\rd\f_GetContractNo.sql
		DDL\Functions\rd\f_GetConVehConsumptionRate.sql = DDL\Functions\rd\f_GetConVehConsumptionRate.sql
		DDL\Functions\rd\f_GetConVehFuelRate.sql = DDL\Functions\rd\f_GetConVehFuelRate.sql
		DDL\Functions\rd\f_GetCustomerAddresses.sql = DDL\Functions\rd\f_GetCustomerAddresses.sql
		DDL\Functions\rd\f_GetCustomerCountCount.sql = DDL\Functions\rd\f_GetCustomerCountCount.sql
		DDL\Functions\rd\f_GetCustomerKiwimailCount.sql = DDL\Functions\rd\f_GetCustomerKiwimailCount.sql
		DDL\Functions\rd\f_GetDeliveryDays.sql = DDL\Functions\rd\f_GetDeliveryDays.sql
		DDL\Functions\rd\f_GetDeliveryDays_names.sql = DDL\Functions\rd\f_GetDeliveryDays_names.sql
		DDL\Functions\rd\f_getFrequency.sql = DDL\Functions\rd\f_getFrequency.sql
		DDL\Functions\rd\f_GetFuelRates.sql = DDL\Functions\rd\f_GetFuelRates.sql
		DDL\Functions\rd\f_GetFuelRates_whatif.sql = DDL\Functions\rd\f_GetFuelRates_whatif.sql
		DDL\Functions\rd\f_GetInsurance.sql = DDL\Functions\rd\f_GetInsurance.sql
		DDL\Functions\rd\f_GetInsurance_whatif.sql = DDL\Functions\rd\f_GetInsurance_whatif.sql
		DDL\Functions\rd\f_GetLatestConVehicle.sql = DDL\Functions\rd\f_GetLatestConVehicle.sql
		DDL\Functions\rd\f_GetLatestVehicle.sql = DDL\Functions\rd\f_GetLatestVehicle.sql
		DDL\Functions\rd\f_GetMailCategory.sql = DDL\Functions\rd\f_GetMailCategory.sql
		DDL\Functions\rd\f_getPostCodeID.sql = DDL\Functions\rd\f_getPostCodeID.sql
		DDL\Functions\rd\f_GetRecipients.sql = DDL\Functions\rd\f_GetRecipients.sql
		DDL\Functions\rd\f_myp_month_expenditure_total.sql = DDL\Functions\rd\f_myp_month_expenditure_total.sql
		DDL\Functions\rd\f_myp_month_item_exp_total.sql = DDL\Functions\rd\f_myp_month_item_exp_total.sql
		DDL\Functions\rd\f_myp_month_item_total.sql = DDL\Functions\rd\f_myp_month_item_total.sql
		DDL\Functions\rd\f_myp_month_total.sql = DDL\Functions\rd\f_myp_month_total.sql
		DDL\Functions\rd\f_myp_year_total.sql = DDL\Functions\rd\f_myp_year_total.sql
		DDL\Functions\rd\f_piecerate.sql = DDL\Functions\rd\f_piecerate.sql
		DDL\Functions\rd\f_transform_telno.sql = DDL\Functions\rd\f_transform_telno.sql
		DDL\Functions\rd\f_validate_road.sql = DDL\Functions\rd\f_validate_road.sql
		DDL\Functions\rd\func_daves.sql = DDL\Functions\rd\func_daves.sql
		DDL\Functions\rd\get_number_delivery_days.sql = DDL\Functions\rd\get_number_delivery_days.sql
		DDL\Functions\rd\get_prev_bench.sql = DDL\Functions\rd\get_prev_bench.sql
		DDL\Functions\rd\GetContractDelDays.sql = DDL\Functions\rd\GetContractDelDays.sql
		DDL\Functions\rd\GetContractDelDays_whatif.sql = DDL\Functions\rd\GetContractDelDays_whatif.sql
		DDL\Functions\rd\GetContractDistance.sql = DDL\Functions\rd\GetContractDistance.sql
		DDL\Functions\rd\getContractorEnd.sql = DDL\Functions\rd\getContractorEnd.sql
		DDL\Functions\rd\getContractorStart.sql = DDL\Functions\rd\getContractorStart.sql
		DDL\Functions\rd\GetDailyDistForOutlet.sql = DDL\Functions\rd\GetDailyDistForOutlet.sql
		DDL\Functions\rd\GetDailyDistForReg.sql = DDL\Functions\rd\GetDailyDistForReg.sql
		DDL\Functions\rd\GetFinYear.sql = DDL\Functions\rd\GetFinYear.sql
		DDL\Functions\rd\GetFirstDayofMonth.sql = DDL\Functions\rd\GetFirstDayofMonth.sql
		DDL\Functions\rd\GetLastDayofMonth.sql = DDL\Functions\rd\GetLastDayofMonth.sql
		DDL\Functions\rd\GetPRSupplierVolumes.sql = DDL\Functions\rd\GetPRSupplierVolumes.sql
		DDL\Functions\rd\GetRateReturn.sql = DDL\Functions\rd\GetRateReturn.sql
		DDL\Functions\rd\maxSeqContractor.sql = DDL\Functions\rd\maxSeqContractor.sql
		DDL\Functions\rd\noroadnumPercent.sql = DDL\Functions\rd\noroadnumPercent.sql
		DDL\Functions\rd\NZPAllowance.sql = DDL\Functions\rd\NZPAllowance.sql
		DDL\Functions\rd\NZPRegion.sql = DDL\Functions\rd\NZPRegion.sql
		DDL\Functions\rd\NZPRegionV2.sql = DDL\Functions\rd\NZPRegionV2.sql
		DDL\Functions\rd\OwnDrvRegion.sql = DDL\Functions\rd\OwnDrvRegion.sql
		DDL\Functions\rd\OwnDrvRegionV2.sql = DDL\Functions\rd\OwnDrvRegionV2.sql
		DDL\Functions\rd\ownerwithcellPercent.sql = DDL\Functions\rd\ownerwithcellPercent.sql
		DDL\Functions\rd\PickupVolumes.sql = DDL\Functions\rd\PickupVolumes.sql
		DDL\Functions\rd\privacyPercent.sql = DDL\Functions\rd\privacyPercent.sql
		DDL\Functions\rd\RDBagsRegion.sql = DDL\Functions\rd\RDBagsRegion.sql
		DDL\Functions\rd\RDGeoPercent.sql = DDL\Functions\rd\RDGeoPercent.sql
		DDL\Functions\rd\RDRunsRegion.sql = DDL\Functions\rd\RDRunsRegion.sql
		DDL\Functions\rd\RDRunsRegionV2.sql = DDL\Functions\rd\RDRunsRegionV2.sql
		DDL\Functions\rd\rexmail_category.sql = DDL\Functions\rd\rexmail_category.sql
		DDL\Functions\rd\strcat.sql = DDL\Functions\rd\strcat.sql
		DDL\Functions\rd\today.sql = DDL\Functions\rd\today.sql
		DDL\Functions\rd\trim.sql = DDL\Functions\rd\trim.sql
		DDL\Functions\rd\UnitCost.sql = DDL\Functions\rd\UnitCost.sql
		DDL\Functions\rd\v_expPercent.sql = DDL\Functions\rd\v_expPercent.sql
		DDL\Functions\rd\VolRegion.sql = DDL\Functions\rd\VolRegion.sql
		DDL\Functions\rd\VolRegionV2.sql = DDL\Functions\rd\VolRegionV2.sql
		DDL\Functions\rd\YMD.sql = DDL\Functions\rd\YMD.sql
	EndProjectSection
EndProject
Project("{2150E333-8FDC-42A3-9474-1A3956D46DE8}") = "odps", "odps", "{78E6756F-EA6E-49B9-96AC-F5C1457759C1}"
	ProjectSection(SolutionItems) = preProject
		DDL\Tables\odps\Account_Codes.sql = DDL\Tables\odps\Account_Codes.sql
		DDL\Tables\odps\dummy.sql = DDL\Tables\odps\dummy.sql
		DDL\Tables\odps\national.sql = DDL\Tables\odps\national.sql
		DDL\Tables\odps\Payment.sql = DDL\Tables\odps\Payment.sql
		DDL\Tables\odps\Payment_Component.sql = DDL\Tables\odps\Payment_Component.sql
		DDL\Tables\odps\payment_component_group.sql = DDL\Tables\odps\payment_component_group.sql
		DDL\Tables\odps\Payment_component_piece_rates.sql = DDL\Tables\odps\Payment_component_piece_rates.sql
		DDL\Tables\odps\Payment_Component_Type.sql = DDL\Tables\odps\Payment_Component_Type.sql
		DDL\Tables\odps\payment_runs.sql = DDL\Tables\odps\payment_runs.sql
		DDL\Tables\odps\PBU_Code.sql = DDL\Tables\odps\PBU_Code.sql
		DDL\Tables\odps\post_tax_deductions.sql = DDL\Tables\odps\post_tax_deductions.sql
		DDL\Tables\odps\post_tax_deductions_applied.sql = DDL\Tables\odps\post_tax_deductions_applied.sql
		DDL\Tables\odps\sync.sql = DDL\Tables\odps\sync.sql
		DDL\Tables\odps\t_invoice_piecerates.sql = DDL\Tables\odps\t_invoice_piecerates.sql
		DDL\Tables\odps\t_invoice_piecerates2.sql = DDL\Tables\odps\t_invoice_piecerates2.sql
		DDL\Tables\odps\t_invoice_piecerates3.sql = DDL\Tables\odps\t_invoice_piecerates3.sql
		DDL\Tables\odps\t_invoice_piecerates4.sql = DDL\Tables\odps\t_invoice_piecerates4.sql
		DDL\Tables\odps\t_ir348.sql = DDL\Tables\odps\t_ir348.sql
		DDL\Tables\odps\t_netpay_tracker.sql = DDL\Tables\odps\t_netpay_tracker.sql
		DDL\Tables\odps\t_pay_summary.sql = DDL\Tables\odps\t_pay_summary.sql
		DDL\Tables\odps\t_pay_summary_contracts.sql = DDL\Tables\odps\t_pay_summary_contracts.sql
		DDL\Tables\odps\t_payment.sql = DDL\Tables\odps\t_payment.sql
		DDL\Tables\odps\t_payment_component.sql = DDL\Tables\odps\t_payment_component.sql
		DDL\Tables\odps\t_payment_component_2.sql = DDL\Tables\odps\t_payment_component_2.sql
		DDL\Tables\odps\t_payment_component_piece_rates.sql = DDL\Tables\odps\t_payment_component_piece_rates.sql
		DDL\Tables\odps\t_payment_component_piece_rates_2.sql = DDL\Tables\odps\t_payment_component_piece_rates_2.sql
		DDL\Tables\odps\t_payment_runs.sql = DDL\Tables\odps\t_payment_runs.sql
		DDL\Tables\odps\t_payment_runs_2.sql = DDL\Tables\odps\t_payment_runs_2.sql
		DDL\Tables\odps\t_piecerate_tracker.sql = DDL\Tables\odps\t_piecerate_tracker.sql
		DDL\Tables\odps\t_post_tax_deductions_applied.sql = DDL\Tables\odps\t_post_tax_deductions_applied.sql
		DDL\Tables\odps\t_posttax_deductions_not_applied.sql = DDL\Tables\odps\t_posttax_deductions_not_applied.sql
		DDL\Tables\odps\t_rps_gl_interface.sql = DDL\Tables\odps\t_rps_gl_interface.sql
		DDL\Tables\odps\t_shell_import.sql = DDL\Tables\odps\t_shell_import.sql
		DDL\Tables\odps\t_telecom_import.sql = DDL\Tables\odps\t_telecom_import.sql
		DDL\Tables\odps\tableonlyonerow.sql = DDL\Tables\odps\tableonlyonerow.sql
		DDL\Tables\odps\temp_int.sql = DDL\Tables\odps\temp_int.sql
		DDL\Tables\odps\test.sql = DDL\Tables\odps\test.sql
	EndProjectSection
EndProject
Project("{2150E333-8FDC-42A3-9474-1A3956D46DE8}") = "rd", "rd", "{6A9BA46A-785B-4445-8859-A44BC8C4EBB7}"
	ProjectSection(SolutionItems) = preProject
		DDL\Tables\rd\address.sql = DDL\Tables\rd\address.sql
		DDL\Tables\rd\address_frequency_sequence.sql = DDL\Tables\rd\address_frequency_sequence.sql
		DDL\Tables\rd\address_frequency_sequence_test.sql = DDL\Tables\rd\address_frequency_sequence_test.sql
		DDL\Tables\rd\address_geocode.sql = DDL\Tables\rd\address_geocode.sql
		DDL\Tables\rd\allowance_type.sql = DDL\Tables\rd\allowance_type.sql
		DDL\Tables\rd\artical_count.sql = DDL\Tables\rd\artical_count.sql
		DDL\Tables\rd\artical_count_1jan2002.sql = DDL\Tables\rd\artical_count_1jan2002.sql
		DDL\Tables\rd\artical_count_31jan2002.sql = DDL\Tables\rd\artical_count_31jan2002.sql
		DDL\Tables\rd\artical_delivery.sql = DDL\Tables\rd\artical_delivery.sql
		DDL\Tables\rd\artical_rate.sql = DDL\Tables\rd\artical_rate.sql
		DDL\Tables\rd\artical_type.sql = DDL\Tables\rd\artical_type.sql
		DDL\Tables\rd\Bench.sql = DDL\Tables\rd\Bench.sql
		DDL\Tables\rd\budget.sql = DDL\Tables\rd\budget.sql
		DDL\Tables\rd\ca_load_results.sql = DDL\Tables\rd\ca_load_results.sql
		DDL\Tables\rd\cmb_address.sql = DDL\Tables\rd\cmb_address.sql
		DDL\Tables\rd\contract.sql = DDL\Tables\rd\contract.sql
		DDL\Tables\rd\contract_adjustments.sql = DDL\Tables\rd\contract_adjustments.sql
		DDL\Tables\rd\contract_allowance.sql = DDL\Tables\rd\contract_allowance.sql
		DDL\Tables\rd\contract_cust_transfer.sql = DDL\Tables\rd\contract_cust_transfer.sql
		DDL\Tables\rd\contract_fixed_assets.sql = DDL\Tables\rd\contract_fixed_assets.sql
		DDL\Tables\rd\contract_rates.sql = DDL\Tables\rd\contract_rates.sql
		DDL\Tables\rd\contract_renewals.sql = DDL\Tables\rd\contract_renewals.sql
		DDL\Tables\rd\contract_type.sql = DDL\Tables\rd\contract_type.sql
		DDL\Tables\rd\contract_vehical.sql = DDL\Tables\rd\contract_vehical.sql
		DDL\Tables\rd\contractor.sql = DDL\Tables\rd\contractor.sql
		DDL\Tables\rd\contractor_ds.sql = DDL\Tables\rd\contractor_ds.sql
		DDL\Tables\rd\contractor_procurement.sql = DDL\Tables\rd\contractor_procurement.sql
		DDL\Tables\rd\contractor_renewals.sql = DDL\Tables\rd\contractor_renewals.sql
		DDL\Tables\rd\cust_frequency_order.sql = DDL\Tables\rd\cust_frequency_order.sql
		DDL\Tables\rd\customer_address_moves.sql = DDL\Tables\rd\customer_address_moves.sql
		DDL\Tables\rd\customer_interest.sql = DDL\Tables\rd\customer_interest.sql
		DDL\Tables\rd\customer_occupation.sql = DDL\Tables\rd\customer_occupation.sql
		DDL\Tables\rd\customer_title.sql = DDL\Tables\rd\customer_title.sql
		DDL\Tables\rd\del_hours_variables.sql = DDL\Tables\rd\del_hours_variables.sql
		DDL\Tables\rd\dummy.sql = DDL\Tables\rd\dummy.sql
		DDL\Tables\rd\dup_add_temp.sql = DDL\Tables\rd\dup_add_temp.sql
		DDL\Tables\rd\fixed_asset_register.sql = DDL\Tables\rd\fixed_asset_register.sql
		DDL\Tables\rd\fixed_asset_type.sql = DDL\Tables\rd\fixed_asset_type.sql
		DDL\Tables\rd\frequency_adjustments.sql = DDL\Tables\rd\frequency_adjustments.sql
		DDL\Tables\rd\frequency_distances.sql = DDL\Tables\rd\frequency_distances.sql
		DDL\Tables\rd\fuel_rates.sql = DDL\Tables\rd\fuel_rates.sql
		DDL\Tables\rd\fuel_type.sql = DDL\Tables\rd\fuel_type.sql
		DDL\Tables\rd\id_codes.sql = DDL\Tables\rd\id_codes.sql
		DDL\Tables\rd\interest.sql = DDL\Tables\rd\interest.sql
		DDL\Tables\rd\mail_carried.sql = DDL\Tables\rd\mail_carried.sql
		DDL\Tables\rd\mail_count_date.sql = DDL\Tables\rd\mail_count_date.sql
		DDL\Tables\rd\misc_override_rate.sql = DDL\Tables\rd\misc_override_rate.sql
		DDL\Tables\rd\misc_rate.sql = DDL\Tables\rd\misc_rate.sql
		DDL\Tables\rd\missing_migrated_addresses.sql = DDL\Tables\rd\missing_migrated_addresses.sql
		DDL\Tables\rd\mpt_customers_old.sql = DDL\Tables\rd\mpt_customers_old.sql
		DDL\Tables\rd\mpt_interests_changes.sql = DDL\Tables\rd\mpt_interests_changes.sql
		DDL\Tables\rd\mpt_interests_new.sql = DDL\Tables\rd\mpt_interests_new.sql
		DDL\Tables\rd\mpt_interests_old.sql = DDL\Tables\rd\mpt_interests_old.sql
		DDL\Tables\rd\non_vehicle_override_rate.sql = DDL\Tables\rd\non_vehicle_override_rate.sql
		DDL\Tables\rd\non_vehicle_override_rate_history.sql = DDL\Tables\rd\non_vehicle_override_rate_history.sql
		DDL\Tables\rd\non_vehicle_rate.sql = DDL\Tables\rd\non_vehicle_rate.sql
		DDL\Tables\rd\NPAD_msg_log.sql = DDL\Tables\rd\NPAD_msg_log.sql
		DDL\Tables\rd\NPAD_parameters.sql = DDL\Tables\rd\NPAD_parameters.sql
		DDL\Tables\rd\occupation.sql = DDL\Tables\rd\occupation.sql
		DDL\Tables\rd\outlet.sql = DDL\Tables\rd\outlet.sql
		DDL\Tables\rd\outlet_type.sql = DDL\Tables\rd\outlet_type.sql
		DDL\Tables\rd\piece_rate.sql = DDL\Tables\rd\piece_rate.sql
		DDL\Tables\rd\piece_rate_delivery.sql = DDL\Tables\rd\piece_rate_delivery.sql
		DDL\Tables\rd\piece_rate_supplier.sql = DDL\Tables\rd\piece_rate_supplier.sql
		DDL\Tables\rd\piece_rate_type.sql = DDL\Tables\rd\piece_rate_type.sql
		DDL\Tables\rd\post_code.sql = DDL\Tables\rd\post_code.sql
		DDL\Tables\rd\private_bags.sql = DDL\Tables\rd\private_bags.sql
		DDL\Tables\rd\procurement.sql = DDL\Tables\rd\procurement.sql
		DDL\Tables\rd\rate_days.sql = DDL\Tables\rd\rate_days.sql
		DDL\Tables\rd\rcm_stat_report.sql = DDL\Tables\rd\rcm_stat_report.sql
		DDL\Tables\rd\RCMStatPR1.sql = DDL\Tables\rd\RCMStatPR1.sql
		DDL\Tables\rd\RCMStatPR2.sql = DDL\Tables\rd\RCMStatPR2.sql
		DDL\Tables\rd\RCMStatPR4.sql = DDL\Tables\rd\RCMStatPR4.sql
		DDL\Tables\rd\rds_audit.sql = DDL\Tables\rd\rds_audit.sql
		DDL\Tables\rd\rds_component.sql = DDL\Tables\rd\rds_component.sql
		DDL\Tables\rd\rds_component0.sql = DDL\Tables\rd\rds_component0.sql
		DDL\Tables\rd\rds_component1.sql = DDL\Tables\rd\rds_component1.sql
		DDL\Tables\rd\rds_component2.sql = DDL\Tables\rd\rds_component2.sql
		DDL\Tables\rd\rds_component3.sql = DDL\Tables\rd\rds_component3.sql
		DDL\Tables\rd\rds_customer.sql = DDL\Tables\rd\rds_customer.sql
		DDL\Tables\rd\rds_maintenance_table.sql = DDL\Tables\rd\rds_maintenance_table.sql
		DDL\Tables\rd\rds_temp.sql = DDL\Tables\rd\rds_temp.sql
		DDL\Tables\rd\rds_user.sql = DDL\Tables\rd\rds_user.sql
		DDL\Tables\rd\rds_user_contract_type.sql = DDL\Tables\rd\rds_user_contract_type.sql
		DDL\Tables\rd\rds_user_group.sql = DDL\Tables\rd\rds_user_group.sql
		DDL\Tables\rd\rds_user_id.sql = DDL\Tables\rd\rds_user_id.sql
		DDL\Tables\rd\rds_user_id_group.sql = DDL\Tables\rd\rds_user_id_group.sql
		DDL\Tables\rd\rds_user_region.sql = DDL\Tables\rd\rds_user_region.sql
		DDL\Tables\rd\rds_user_rights.sql = DDL\Tables\rd\rds_user_rights.sql
		DDL\Tables\rd\region.sql = DDL\Tables\rd\region.sql
		DDL\Tables\rd\renewal_group.sql = DDL\Tables\rd\renewal_group.sql
		DDL\Tables\rd\renewal_rate.sql = DDL\Tables\rd\renewal_rate.sql
		DDL\Tables\rd\rengrp1.sql = DDL\Tables\rd\rengrp1.sql
		DDL\Tables\rd\report_temp.sql = DDL\Tables\rd\report_temp.sql
		DDL\Tables\rd\Road.sql = DDL\Tables\rd\Road.sql
		DDL\Tables\rd\Road_Suburb.sql = DDL\Tables\rd\Road_Suburb.sql
		DDL\Tables\rd\road_suffix.sql = DDL\Tables\rd\road_suffix.sql
		DDL\Tables\rd\Road_Type.sql = DDL\Tables\rd\Road_Type.sql
		DDL\Tables\rd\roadsnat.sql = DDL\Tables\rd\roadsnat.sql
		DDL\Tables\rd\route_audit.sql = DDL\Tables\rd\route_audit.sql
		DDL\Tables\rd\route_description.sql = DDL\Tables\rd\route_description.sql
		DDL\Tables\rd\route_freq_point_type.sql = DDL\Tables\rd\route_freq_point_type.sql
		DDL\Tables\rd\route_freq_verbs.sql = DDL\Tables\rd\route_freq_verbs.sql
		DDL\Tables\rd\route_frequency.sql = DDL\Tables\rd\route_frequency.sql
		DDL\Tables\rd\standard_frequency.sql = DDL\Tables\rd\standard_frequency.sql
		DDL\Tables\rd\SuburbLocality.sql = DDL\Tables\rd\SuburbLocality.sql
		DDL\Tables\rd\systemcontrol.sql = DDL\Tables\rd\systemcontrol.sql
		DDL\Tables\rd\t_address_geocode.sql = DDL\Tables\rd\t_address_geocode.sql
		DDL\Tables\rd\t_benchmark.sql = DDL\Tables\rd\t_benchmark.sql
		DDL\Tables\rd\t_cont_adjustment.sql = DDL\Tables\rd\t_cont_adjustment.sql
		DDL\Tables\rd\t_contract.sql = DDL\Tables\rd\t_contract.sql
		DDL\Tables\rd\t_contract_adjustment.sql = DDL\Tables\rd\t_contract_adjustment.sql
		DDL\Tables\rd\t_contract_allowance.sql = DDL\Tables\rd\t_contract_allowance.sql
		DDL\Tables\rd\t_contract_allowance2.sql = DDL\Tables\rd\t_contract_allowance2.sql
		DDL\Tables\rd\t_contract_pr.sql = DDL\Tables\rd\t_contract_pr.sql
		DDL\Tables\rd\t_contract_renewals.sql = DDL\Tables\rd\t_contract_renewals.sql
		DDL\Tables\rd\t_contractor.sql = DDL\Tables\rd\t_contractor.sql
		DDL\Tables\rd\t_contractor_ds.sql = DDL\Tables\rd\t_contractor_ds.sql
		DDL\Tables\rd\t_contractor_renewals.sql = DDL\Tables\rd\t_contractor_renewals.sql
		DDL\Tables\rd\t_custstat.sql = DDL\Tables\rd\t_custstat.sql
		DDL\Tables\rd\t_fuel_allowance.sql = DDL\Tables\rd\t_fuel_allowance.sql
		DDL\Tables\rd\t_ird.sql = DDL\Tables\rd\t_ird.sql
		DDL\Tables\rd\t_piecerate_remove.sql = DDL\Tables\rd\t_piecerate_remove.sql
		DDL\Tables\rd\t_types_for_contract.sql = DDL\Tables\rd\t_types_for_contract.sql
		DDL\Tables\rd\t_xp_component.sql = DDL\Tables\rd\t_xp_component.sql
		DDL\Tables\rd\t_xp_component2.sql = DDL\Tables\rd\t_xp_component2.sql
		DDL\Tables\rd\t_xp_fix.sql = DDL\Tables\rd\t_xp_fix.sql
		DDL\Tables\rd\temp_addr_freq.sql = DDL\Tables\rd\temp_addr_freq.sql
		DDL\Tables\rd\temp_Contract_Adjustments.sql = DDL\Tables\rd\temp_Contract_Adjustments.sql
		DDL\Tables\rd\temp_contractlist.sql = DDL\Tables\rd\temp_contractlist.sql
		DDL\Tables\rd\temp_custlist.sql = DDL\Tables\rd\temp_custlist.sql
		DDL\Tables\rd\temp_dup_addr.sql = DDL\Tables\rd\temp_dup_addr.sql
		DDL\Tables\rd\Test.sql = DDL\Tables\rd\Test.sql
		DDL\Tables\rd\tmp_address_geocode.sql = DDL\Tables\rd\tmp_address_geocode.sql
		DDL\Tables\rd\tmp_rand_cust_list.sql = DDL\Tables\rd\tmp_rand_cust_list.sql
		DDL\Tables\rd\town_road.sql = DDL\Tables\rd\town_road.sql
		DDL\Tables\rd\town_suburb.sql = DDL\Tables\rd\town_suburb.sql
		DDL\Tables\rd\TownCity.sql = DDL\Tables\rd\TownCity.sql
		DDL\Tables\rd\tu_contract.sql = DDL\Tables\rd\tu_contract.sql
		DDL\Tables\rd\tu_contract_renewals.sql = DDL\Tables\rd\tu_contract_renewals.sql
		DDL\Tables\rd\tu_contractor.sql = DDL\Tables\rd\tu_contractor.sql
		DDL\Tables\rd\types_for_contract.sql = DDL\Tables\rd\types_for_contract.sql
		DDL\Tables\rd\types_for_contractor.sql = DDL\Tables\rd\types_for_contractor.sql
		DDL\Tables\rd\used_password.sql = DDL\Tables\rd\used_password.sql
		DDL\Tables\rd\user_groups.sql = DDL\Tables\rd\user_groups.sql
		DDL\Tables\rd\userids.sql = DDL\Tables\rd\userids.sql
		DDL\Tables\rd\vehicle.sql = DDL\Tables\rd\vehicle.sql
		DDL\Tables\rd\vehicle_override_rate.sql = DDL\Tables\rd\vehicle_override_rate.sql
		DDL\Tables\rd\vehicle_rate.sql = DDL\Tables\rd\vehicle_rate.sql
		DDL\Tables\rd\vehicle_style.sql = DDL\Tables\rd\vehicle_style.sql
		DDL\Tables\rd\vehicle_type.sql = DDL\Tables\rd\vehicle_type.sql
	EndProjectSection
EndProject
Project("{2150E333-8FDC-42A3-9474-1A3956D46DE8}") = "odps", "odps", "{B82467E0-9DE7-4597-960A-1AD3B1ED05CC}"
EndProject
Project("{2150E333-8FDC-42A3-9474-1A3956D46DE8}") = "rd", "rd", "{48593026-5116-4A85-A1F4-7536FFF1EA89}"
	ProjectSection(SolutionItems) = preProject
		DDL\Views\rd\v_Customers.sql = DDL\Views\rd\v_Customers.sql
	EndProjectSection
EndProject
Project("{2150E333-8FDC-42A3-9474-1A3956D46DE8}") = "ForeignKeys", "ForeignKeys", "{BC3E874C-FD56-4D85-8F3F-36FCF399A75C}"
EndProject
Project("{2150E333-8FDC-42A3-9474-1A3956D46DE8}") = "odps", "odps", "{6FE9FBA6-B412-4D88-ACE1-04AB04758B73}"
	ProjectSection(SolutionItems) = preProject
		DDL\ForeignKeys\odps\national.sql = DDL\ForeignKeys\odps\national.sql
		DDL\ForeignKeys\odps\Payment.sql = DDL\ForeignKeys\odps\Payment.sql
		DDL\ForeignKeys\odps\Payment_Component.sql = DDL\ForeignKeys\odps\Payment_Component.sql
		DDL\ForeignKeys\odps\Payment_component_piece_rates.sql = DDL\ForeignKeys\odps\Payment_component_piece_rates.sql
		DDL\ForeignKeys\odps\Payment_Component_Type.sql = DDL\ForeignKeys\odps\Payment_Component_Type.sql
		DDL\ForeignKeys\odps\post_tax_deductions.sql = DDL\ForeignKeys\odps\post_tax_deductions.sql
		DDL\ForeignKeys\odps\post_tax_deductions_applied.txt = DDL\ForeignKeys\odps\post_tax_deductions_applied.txt
		DDL\ForeignKeys\odps\t_payment.sql = DDL\ForeignKeys\odps\t_payment.sql
		DDL\ForeignKeys\odps\t_payment_component.sql = DDL\ForeignKeys\odps\t_payment_component.sql
		DDL\ForeignKeys\odps\t_payment_component_piece_rates.sql = DDL\ForeignKeys\odps\t_payment_component_piece_rates.sql
	EndProjectSection
EndProject
Project("{2150E333-8FDC-42A3-9474-1A3956D46DE8}") = "rd", "rd", "{9413F1A2-0C52-4ADA-8659-79060BB0810B}"
	ProjectSection(SolutionItems) = preProject
		DDL\ForeignKeys\rd\address.sql = DDL\ForeignKeys\rd\address.sql
		DDL\ForeignKeys\rd\address_frequency_sequence.sql = DDL\ForeignKeys\rd\address_frequency_sequence.sql
		DDL\ForeignKeys\rd\address_geocode.sql = DDL\ForeignKeys\rd\address_geocode.sql
		DDL\ForeignKeys\rd\artical_count.sql = DDL\ForeignKeys\rd\artical_count.sql
		DDL\ForeignKeys\rd\artical_delivery.sql = DDL\ForeignKeys\rd\artical_delivery.sql
		DDL\ForeignKeys\rd\artical_rate.sql = DDL\ForeignKeys\rd\artical_rate.sql
		DDL\ForeignKeys\rd\budget.sql = DDL\ForeignKeys\rd\budget.sql
		DDL\ForeignKeys\rd\cmb_address.sql = DDL\ForeignKeys\rd\cmb_address.sql
		DDL\ForeignKeys\rd\contract.sql = DDL\ForeignKeys\rd\contract.sql
		DDL\ForeignKeys\rd\contract_adjustments.sql = DDL\ForeignKeys\rd\contract_adjustments.sql
		DDL\ForeignKeys\rd\contract_allowance.sql = DDL\ForeignKeys\rd\contract_allowance.sql
		DDL\ForeignKeys\rd\contract_fixed_assets.sql = DDL\ForeignKeys\rd\contract_fixed_assets.sql
		DDL\ForeignKeys\rd\contract_rates.sql = DDL\ForeignKeys\rd\contract_rates.sql
		DDL\ForeignKeys\rd\contract_renewals.sql = DDL\ForeignKeys\rd\contract_renewals.sql
		DDL\ForeignKeys\rd\contract_vehical.sql = DDL\ForeignKeys\rd\contract_vehical.sql
		DDL\ForeignKeys\rd\contractor_ds.sql = DDL\ForeignKeys\rd\contractor_ds.sql
		DDL\ForeignKeys\rd\contractor_procurement.sql = DDL\ForeignKeys\rd\contractor_procurement.sql
		DDL\ForeignKeys\rd\contractor_renewals.sql = DDL\ForeignKeys\rd\contractor_renewals.sql
		DDL\ForeignKeys\rd\customer_address_moves.sql = DDL\ForeignKeys\rd\customer_address_moves.sql
		DDL\ForeignKeys\rd\customer_interest.sql = DDL\ForeignKeys\rd\customer_interest.sql
		DDL\ForeignKeys\rd\customer_occupation.sql = DDL\ForeignKeys\rd\customer_occupation.sql
		DDL\ForeignKeys\rd\fixed_asset_register.sql = DDL\ForeignKeys\rd\fixed_asset_register.sql
		DDL\ForeignKeys\rd\frequency_adjustments.sql = DDL\ForeignKeys\rd\frequency_adjustments.sql
		DDL\ForeignKeys\rd\frequency_distances.sql = DDL\ForeignKeys\rd\frequency_distances.sql
		DDL\ForeignKeys\rd\fuel_rates.sql = DDL\ForeignKeys\rd\fuel_rates.sql
		DDL\ForeignKeys\rd\mail_carried.sql = DDL\ForeignKeys\rd\mail_carried.sql
		DDL\ForeignKeys\rd\misc_override_rate.sql = DDL\ForeignKeys\rd\misc_override_rate.sql
		DDL\ForeignKeys\rd\misc_rate.sql = DDL\ForeignKeys\rd\misc_rate.sql
		DDL\ForeignKeys\rd\non_vehicle_rate.sql = DDL\ForeignKeys\rd\non_vehicle_rate.sql
		DDL\ForeignKeys\rd\outlet.sql = DDL\ForeignKeys\rd\outlet.sql
		DDL\ForeignKeys\rd\piece_rate.sql = DDL\ForeignKeys\rd\piece_rate.sql
		DDL\ForeignKeys\rd\piece_rate_delivery.sql = DDL\ForeignKeys\rd\piece_rate_delivery.sql
		DDL\ForeignKeys\rd\piece_rate_supplier.sql = DDL\ForeignKeys\rd\piece_rate_supplier.sql
		DDL\ForeignKeys\rd\piece_rate_type.sql = DDL\ForeignKeys\rd\piece_rate_type.sql
		DDL\ForeignKeys\rd\rate_days.sql = DDL\ForeignKeys\rd\rate_days.sql
		DDL\ForeignKeys\rd\rds_customer.sql = DDL\ForeignKeys\rd\rds_customer.sql
		DDL\ForeignKeys\rd\rds_user_contract_type.sql = DDL\ForeignKeys\rd\rds_user_contract_type.sql
		DDL\ForeignKeys\rd\rds_user_id.sql = DDL\ForeignKeys\rd\rds_user_id.sql
		DDL\ForeignKeys\rd\rds_user_id_group.sql = DDL\ForeignKeys\rd\rds_user_id_group.sql
		DDL\ForeignKeys\rd\rds_user_rights.sql = DDL\ForeignKeys\rd\rds_user_rights.sql
		DDL\ForeignKeys\rd\renewal_rate.sql = DDL\ForeignKeys\rd\renewal_rate.sql
		DDL\ForeignKeys\rd\Road.sql = DDL\ForeignKeys\rd\Road.sql
		DDL\ForeignKeys\rd\Road_Suburb.sql = DDL\ForeignKeys\rd\Road_Suburb.sql
		DDL\ForeignKeys\rd\route_description.sql = DDL\ForeignKeys\rd\route_description.sql
		DDL\ForeignKeys\rd\route_frequency.sql = DDL\ForeignKeys\rd\route_frequency.sql
		DDL\ForeignKeys\rd\town_road.sql = DDL\ForeignKeys\rd\town_road.sql
		DDL\ForeignKeys\rd\town_suburb.sql = DDL\ForeignKeys\rd\town_suburb.sql
		DDL\ForeignKeys\rd\TownCity.sql = DDL\ForeignKeys\rd\TownCity.sql
		DDL\ForeignKeys\rd\types_for_contract.sql = DDL\ForeignKeys\rd\types_for_contract.sql
		DDL\ForeignKeys\rd\types_for_contractor.sql = DDL\ForeignKeys\rd\types_for_contractor.sql
		DDL\ForeignKeys\rd\userids.sql = DDL\ForeignKeys\rd\userids.sql
		DDL\ForeignKeys\rd\vehicle.sql = DDL\ForeignKeys\rd\vehicle.sql
		DDL\ForeignKeys\rd\vehicle_rate.sql = DDL\ForeignKeys\rd\vehicle_rate.sql
	EndProjectSection
EndProject
Global
	GlobalSection(SourceCodeControl) = preSolution
		SccNumberOfProjects = 21
		SccProjectName0 = \u0022$/NZPost/RuralPost/C#/RuralDeliverySystems/NZPostOffice\u0022,\u0020VCMVAAAA
		SccLocalPath0 = ..\\..\\..\\..
		SccProvider0 = MSSCCI:Microsoft\u0020Visual\u0020SourceSafe
		CanCheckoutShared = false
		SccProjectFilePathRelativizedFromConnection0 = ZZ\\Work\\rds_net\\NZPostOffice\\
		SccProjectUniqueName1 = NZPost.RDSAdmin\\NZPostOffice.RDSAdmin.csproj
		SccProjectTopLevelParentUniqueName1 = NZPostOffice.sln
		SccLocalPath1 = ..\\..\\..\\..
		CanCheckoutShared = false
		SccProjectFilePathRelativizedFromConnection1 = ZZ\\Work\\rds_net\\NZPostOffice\\NZPost.RDSAdmin\\
		SccProjectUniqueName2 = NZPostOffice.DataControls\\NZPostOffice.DataControls.csproj
		SccProjectTopLevelParentUniqueName2 = NZPostOffice.sln
		SccLocalPath2 = ..\\..\\..\\..
		CanCheckoutShared = false
		SccProjectFilePathRelativizedFromConnection2 = ZZ\\Work\\rds_net\\NZPostOffice\\NZPostOffice.DataControls\\
		SccProjectUniqueName3 = NZPostOffice.DataService\\NZPostOffice.DataService.csproj
		SccProjectTopLevelParentUniqueName3 = NZPostOffice.sln
		SccLocalPath3 = ..\\..\\..\\..
		CanCheckoutShared = false
		SccProjectFilePathRelativizedFromConnection3 = ZZ\\Work\\rds_net\\NZPostOffice\\NZPostOffice.DataService\\
		SccProjectUniqueName4 = NZPostOffice.Entity\\NZPostOffice.Entity.csproj
		SccProjectTopLevelParentUniqueName4 = NZPostOffice.sln
		SccLocalPath4 = ..\\..\\..\\..
		CanCheckoutShared = false
		SccProjectFilePathRelativizedFromConnection4 = ZZ\\Work\\rds_net\\NZPostOffice\\NZPostOffice.Entity\\
		SccProjectUniqueName5 = NZPostOffice.ODPS.DataControls\\NZPostOffice.ODPS.DataControls.csproj
		SccProjectTopLevelParentUniqueName5 = NZPostOffice.sln
		SccLocalPath5 = ..\\..\\..\\..
		CanCheckoutShared = false
		SccProjectFilePathRelativizedFromConnection5 = ZZ\\Work\\rds_net\\NZPostOffice\\NZPostOffice.ODPS.DataControls\\
		SccProjectUniqueName6 = NZPostOffice.ODPS.DataService\\NZPostOffice.ODPS.DataService.csproj
		SccProjectTopLevelParentUniqueName6 = NZPostOffice.sln
		SccLocalPath6 = ..\\..\\..\\..
		CanCheckoutShared = false
		SccProjectFilePathRelativizedFromConnection6 = ZZ\\Work\\rds_net\\NZPostOffice\\NZPostOffice.ODPS.DataService\\
		SccProjectUniqueName7 = NZPostOffice.ODPS.Entity\\NZPostOffice.ODPS.Entity.csproj
		SccProjectTopLevelParentUniqueName7 = NZPostOffice.sln
		SccLocalPath7 = ..\\..\\..\\..
		CanCheckoutShared = false
		SccProjectFilePathRelativizedFromConnection7 = ZZ\\Work\\rds_net\\NZPostOffice\\NZPostOffice.ODPS.Entity\\
		SccProjectUniqueName8 = NZPostOffice.ODPS\\NZPostOffice.ODPS.csproj
		SccProjectTopLevelParentUniqueName8 = NZPostOffice.sln
		SccLocalPath8 = ..\\..\\..\\..
		CanCheckoutShared = false
		SccProjectFilePathRelativizedFromConnection8 = ZZ\\Work\\rds_net\\NZPostOffice\\NZPostOffice.ODPS\\
		SccProjectUniqueName9 = NZPostOffice.RDS.DataControls\\NZPostOffice.RDS.DataControls.csproj
		SccProjectTopLevelParentUniqueName9 = NZPostOffice.sln
		SccLocalPath9 = ..\\..\\..\\..
		CanCheckoutShared = false
		SccProjectFilePathRelativizedFromConnection9 = ZZ\\Work\\rds_net\\NZPostOffice\\NZPostOffice.RDS.DataControls\\
		SccProjectUniqueName10 = NZPostOffice.RDS.DataService\\NZPostOffice.RDS.DataService.csproj
		SccProjectTopLevelParentUniqueName10 = NZPostOffice.sln
		SccLocalPath10 = ..\\..\\..\\..
		CanCheckoutShared = false
		SccProjectFilePathRelativizedFromConnection10 = ZZ\\Work\\rds_net\\NZPostOffice\\NZPostOffice.RDS.DataService\\
		SccProjectUniqueName11 = NZPostOffice.RDS.Entity\\NZPostOffice.RDS.Entity.csproj
		SccProjectTopLevelParentUniqueName11 = NZPostOffice.sln
		SccLocalPath11 = ..\\..\\..\\..
		CanCheckoutShared = false
		SccProjectFilePathRelativizedFromConnection11 = ZZ\\Work\\rds_net\\NZPostOffice\\NZPostOffice.RDS.Entity\\
		SccProjectUniqueName12 = NZPostOffice.RDS\\NZPostOffice.RDS.csproj
		SccProjectTopLevelParentUniqueName12 = NZPostOffice.sln
		SccLocalPath12 = ..\\..\\..\\..
		CanCheckoutShared = false
		SccProjectFilePathRelativizedFromConnection12 = ZZ\\Work\\rds_net\\NZPostOffice\\NZPostOffice.RDS\\
		SccProjectUniqueName13 = NZPostOffice.RDSAdmin.DataControls\\NZPostOffice.RDSAdmin.DataControls.csproj
		SccProjectTopLevelParentUniqueName13 = NZPostOffice.sln
		SccLocalPath13 = ..\\..\\..\\..
		CanCheckoutShared = false
		SccProjectFilePathRelativizedFromConnection13 = ZZ\\Work\\rds_net\\NZPostOffice\\NZPostOffice.RDSAdmin.DataControls\\
		SccProjectUniqueName14 = NZPostOffice.RDSAdmin.DataService\\NZPostOffice.RDSAdmin.DataService.csproj
		SccProjectTopLevelParentUniqueName14 = NZPostOffice.sln
		SccLocalPath14 = ..\\..\\..\\..
		CanCheckoutShared = false
		SccProjectFilePathRelativizedFromConnection14 = ZZ\\Work\\rds_net\\NZPostOffice\\NZPostOffice.RDSAdmin.DataService\\
		SccProjectUniqueName15 = NZPostOffice.RDSAdmin.Entity\\NZPostOffice.RDSAdmin.Entity.csproj
		SccProjectTopLevelParentUniqueName15 = NZPostOffice.sln
		SccLocalPath15 = ..\\..\\..\\..
		CanCheckoutShared = false
		SccProjectFilePathRelativizedFromConnection15 = ZZ\\Work\\rds_net\\NZPostOffice\\NZPostOffice.RDSAdmin.Entity\\
		SccProjectUniqueName16 = NZPostOffice.Shared\\NZPostOffice.Shared.csproj
		SccProjectTopLevelParentUniqueName16 = NZPostOffice.sln
		SccLocalPath16 = ..\\..\\..\\..
		CanCheckoutShared = false
		SccProjectFilePathRelativizedFromConnection16 = ZZ\\Work\\rds_net\\NZPostOffice\\NZPostOffice.Shared\\
		SccProjectUniqueName17 = ODPSSetup\\ODPSSetup.vdproj
		SccProjectTopLevelParentUniqueName17 = NZPostOffice.sln
		SccLocalPath17 = ..\\..\\..\\..
		CanCheckoutShared = false
		SccProjectFilePathRelativizedFromConnection17 = ZZ\\Work\\rds_net\\NZPostOffice\\ODPSSetup\\
		SccProjectUniqueName18 = RDSAdminSetup\\RDSAdminSetup.vdproj
		SccProjectTopLevelParentUniqueName18 = NZPostOffice.sln
		SccLocalPath18 = ..\\..\\..\\..
		CanCheckoutShared = false
		SccProjectFilePathRelativizedFromConnection18 = ZZ\\Work\\rds_net\\NZPostOffice\\RDSAdminSetup\\
		SccProjectUniqueName19 = RDSSetup\\RDSSetup.vdproj
		SccProjectTopLevelParentUniqueName19 = NZPostOffice.sln
		SccLocalPath19 = ..\\..\\..\\..
		CanCheckoutShared = false
		SccProjectFilePathRelativizedFromConnection19 = ZZ\\Work\\rds_net\\NZPostOffice\\RDSSetup\\
		SccProjectUniqueName20 = ServerSetup\\ServerSetup.vdproj
		SccProjectTopLevelParentUniqueName20 = NZPostOffice.sln
		SccLocalPath20 = ..\\..\\..\\..
		CanCheckoutShared = false
		SccProjectFilePathRelativizedFromConnection20 = ZZ\\Work\\rds_net\\NZPostOffice\\ServerSetup\\
	EndGlobalSection
	GlobalSection(SolutionConfigurationPlatforms) = preSolution
		Debug|.NET = Debug|.NET
		Debug|Any CPU = Debug|Any CPU
		Debug|Mixed Platforms = Debug|Mixed Platforms
		Release|.NET = Release|.NET
		Release|Any CPU = Release|Any CPU
		Release|Mixed Platforms = Release|Mixed Platforms
	EndGlobalSection
	GlobalSection(ProjectConfigurationPlatforms) = postSolution
		{22D4FF0E-09FE-4C89-821A-9333196F1595}.Debug|.NET.ActiveCfg = Debug|Any CPU
		{22D4FF0E-09FE-4C89-821A-9333196F1595}.Debug|Any CPU.ActiveCfg = Debug|Any CPU
		{22D4FF0E-09FE-4C89-821A-9333196F1595}.Debug|Any CPU.Build.0 = Debug|Any CPU
		{22D4FF0E-09FE-4C89-821A-9333196F1595}.Debug|Mixed Platforms.ActiveCfg = Debug|Any CPU
		{22D4FF0E-09FE-4C89-821A-9333196F1595}.Debug|Mixed Platforms.Build.0 = Debug|Any CPU
		{22D4FF0E-09FE-4C89-821A-9333196F1595}.Release|.NET.ActiveCfg = Release|Any CPU
		{22D4FF0E-09FE-4C89-821A-9333196F1595}.Release|Any CPU.ActiveCfg = Release|Any CPU
		{22D4FF0E-09FE-4C89-821A-9333196F1595}.Release|Any CPU.Build.0 = Release|Any CPU
		{22D4FF0E-09FE-4C89-821A-9333196F1595}.Release|Mixed Platforms.ActiveCfg = Release|Any CPU
		{22D4FF0E-09FE-4C89-821A-9333196F1595}.Release|Mixed Platforms.Build.0 = Release|Any CPU
		{D9C16BDE-6368-4221-8319-B7AF123357C1}.Debug|.NET.ActiveCfg = Debug|Any CPU
		{D9C16BDE-6368-4221-8319-B7AF123357C1}.Debug|Any CPU.ActiveCfg = Debug|Any CPU
		{D9C16BDE-6368-4221-8319-B7AF123357C1}.Debug|Any CPU.Build.0 = Debug|Any CPU
		{D9C16BDE-6368-4221-8319-B7AF123357C1}.Debug|Mixed Platforms.ActiveCfg = Debug|Any CPU
		{D9C16BDE-6368-4221-8319-B7AF123357C1}.Debug|Mixed Platforms.Build.0 = Debug|Any CPU
		{D9C16BDE-6368-4221-8319-B7AF123357C1}.Release|.NET.ActiveCfg = Release|Any CPU
		{D9C16BDE-6368-4221-8319-B7AF123357C1}.Release|Any CPU.ActiveCfg = Release|Any CPU
		{D9C16BDE-6368-4221-8319-B7AF123357C1}.Release|Any CPU.Build.0 = Release|Any CPU
		{D9C16BDE-6368-4221-8319-B7AF123357C1}.Release|Mixed Platforms.ActiveCfg = Release|Any CPU
		{D9C16BDE-6368-4221-8319-B7AF123357C1}.Release|Mixed Platforms.Build.0 = Release|Any CPU
		{0B380E0C-0A10-4536-BD85-BF0993671FAC}.Debug|.NET.ActiveCfg = Debug|Any CPU
		{0B380E0C-0A10-4536-BD85-BF0993671FAC}.Debug|Any CPU.ActiveCfg = Debug|Any CPU
		{0B380E0C-0A10-4536-BD85-BF0993671FAC}.Debug|Any CPU.Build.0 = Debug|Any CPU
		{0B380E0C-0A10-4536-BD85-BF0993671FAC}.Debug|Mixed Platforms.ActiveCfg = Debug|Any CPU
		{0B380E0C-0A10-4536-BD85-BF0993671FAC}.Debug|Mixed Platforms.Build.0 = Debug|Any CPU
		{0B380E0C-0A10-4536-BD85-BF0993671FAC}.Release|.NET.ActiveCfg = Release|Any CPU
		{0B380E0C-0A10-4536-BD85-BF0993671FAC}.Release|Any CPU.ActiveCfg = Release|Any CPU
		{0B380E0C-0A10-4536-BD85-BF0993671FAC}.Release|Any CPU.Build.0 = Release|Any CPU
		{0B380E0C-0A10-4536-BD85-BF0993671FAC}.Release|Mixed Platforms.ActiveCfg = Release|Any CPU
		{0B380E0C-0A10-4536-BD85-BF0993671FAC}.Release|Mixed Platforms.Build.0 = Release|Any CPU
		{933136D5-86EB-41F4-BAEF-39AC7CFE24BE}.Debug|.NET.ActiveCfg = Debug|Any CPU
		{933136D5-86EB-41F4-BAEF-39AC7CFE24BE}.Debug|Any CPU.ActiveCfg = Debug|Any CPU
		{933136D5-86EB-41F4-BAEF-39AC7CFE24BE}.Debug|Any CPU.Build.0 = Debug|Any CPU
		{933136D5-86EB-41F4-BAEF-39AC7CFE24BE}.Debug|Mixed Platforms.ActiveCfg = Debug|Any CPU
		{933136D5-86EB-41F4-BAEF-39AC7CFE24BE}.Debug|Mixed Platforms.Build.0 = Debug|Any CPU
		{933136D5-86EB-41F4-BAEF-39AC7CFE24BE}.Release|.NET.ActiveCfg = Release|Any CPU
		{933136D5-86EB-41F4-BAEF-39AC7CFE24BE}.Release|Any CPU.ActiveCfg = Release|Any CPU
		{933136D5-86EB-41F4-BAEF-39AC7CFE24BE}.Release|Any CPU.Build.0 = Release|Any CPU
		{933136D5-86EB-41F4-BAEF-39AC7CFE24BE}.Release|Mixed Platforms.ActiveCfg = Release|Any CPU
		{933136D5-86EB-41F4-BAEF-39AC7CFE24BE}.Release|Mixed Platforms.Build.0 = Release|Any CPU
		{7073136B-CCD3-4128-9B3E-9BE7C555E482}.Debug|.NET.ActiveCfg = Debug|Any CPU
		{7073136B-CCD3-4128-9B3E-9BE7C555E482}.Debug|Any CPU.ActiveCfg = Debug|Any CPU
		{7073136B-CCD3-4128-9B3E-9BE7C555E482}.Debug|Any CPU.Build.0 = Debug|Any CPU
		{7073136B-CCD3-4128-9B3E-9BE7C555E482}.Debug|Mixed Platforms.ActiveCfg = Debug|Any CPU
		{7073136B-CCD3-4128-9B3E-9BE7C555E482}.Debug|Mixed Platforms.Build.0 = Debug|Any CPU
		{7073136B-CCD3-4128-9B3E-9BE7C555E482}.Release|.NET.ActiveCfg = Release|Any CPU
		{7073136B-CCD3-4128-9B3E-9BE7C555E482}.Release|Any CPU.ActiveCfg = Release|Any CPU
		{7073136B-CCD3-4128-9B3E-9BE7C555E482}.Release|Any CPU.Build.0 = Release|Any CPU
		{7073136B-CCD3-4128-9B3E-9BE7C555E482}.Release|Mixed Platforms.ActiveCfg = Release|Any CPU
		{7073136B-CCD3-4128-9B3E-9BE7C555E482}.Release|Mixed Platforms.Build.0 = Release|Any CPU
		{DC17752B-A793-4C46-AF41-0FA70B4CBA42}.Debug|.NET.ActiveCfg = Debug|Any CPU
		{DC17752B-A793-4C46-AF41-0FA70B4CBA42}.Debug|Any CPU.ActiveCfg = Debug|Any CPU
		{DC17752B-A793-4C46-AF41-0FA70B4CBA42}.Debug|Any CPU.Build.0 = Debug|Any CPU
		{DC17752B-A793-4C46-AF41-0FA70B4CBA42}.Debug|Mixed Platforms.ActiveCfg = Debug|Any CPU
		{DC17752B-A793-4C46-AF41-0FA70B4CBA42}.Debug|Mixed Platforms.Build.0 = Debug|Any CPU
		{DC17752B-A793-4C46-AF41-0FA70B4CBA42}.Release|.NET.ActiveCfg = Release|Any CPU
		{DC17752B-A793-4C46-AF41-0FA70B4CBA42}.Release|Any CPU.ActiveCfg = Release|Any CPU
		{DC17752B-A793-4C46-AF41-0FA70B4CBA42}.Release|Any CPU.Build.0 = Release|Any CPU
		{DC17752B-A793-4C46-AF41-0FA70B4CBA42}.Release|Mixed Platforms.ActiveCfg = Release|Any CPU
		{DC17752B-A793-4C46-AF41-0FA70B4CBA42}.Release|Mixed Platforms.Build.0 = Release|Any CPU
		{6D5CE23C-C567-4E5D-8245-F383554C6DC6}.Debug|.NET.ActiveCfg = Debug|Any CPU
		{6D5CE23C-C567-4E5D-8245-F383554C6DC6}.Debug|Any CPU.ActiveCfg = Debug|Any CPU
		{6D5CE23C-C567-4E5D-8245-F383554C6DC6}.Debug|Any CPU.Build.0 = Debug|Any CPU
		{6D5CE23C-C567-4E5D-8245-F383554C6DC6}.Debug|Mixed Platforms.ActiveCfg = Debug|Any CPU
		{6D5CE23C-C567-4E5D-8245-F383554C6DC6}.Debug|Mixed Platforms.Build.0 = Debug|Any CPU
		{6D5CE23C-C567-4E5D-8245-F383554C6DC6}.Release|.NET.ActiveCfg = Release|Any CPU
		{6D5CE23C-C567-4E5D-8245-F383554C6DC6}.Release|Any CPU.ActiveCfg = Release|Any CPU
		{6D5CE23C-C567-4E5D-8245-F383554C6DC6}.Release|Any CPU.Build.0 = Release|Any CPU
		{6D5CE23C-C567-4E5D-8245-F383554C6DC6}.Release|Mixed Platforms.ActiveCfg = Release|Any CPU
		{6D5CE23C-C567-4E5D-8245-F383554C6DC6}.Release|Mixed Platforms.Build.0 = Release|Any CPU
		{55C392CF-5BD7-40D8-946F-0C21674599FC}.Debug|.NET.ActiveCfg = Debug|Any CPU
		{55C392CF-5BD7-40D8-946F-0C21674599FC}.Debug|Any CPU.ActiveCfg = Debug|Any CPU
		{55C392CF-5BD7-40D8-946F-0C21674599FC}.Debug|Any CPU.Build.0 = Debug|Any CPU
		{55C392CF-5BD7-40D8-946F-0C21674599FC}.Debug|Mixed Platforms.ActiveCfg = Debug|Any CPU
		{55C392CF-5BD7-40D8-946F-0C21674599FC}.Debug|Mixed Platforms.Build.0 = Debug|Any CPU
		{55C392CF-5BD7-40D8-946F-0C21674599FC}.Release|.NET.ActiveCfg = Release|Any CPU
		{55C392CF-5BD7-40D8-946F-0C21674599FC}.Release|Any CPU.ActiveCfg = Release|Any CPU
		{55C392CF-5BD7-40D8-946F-0C21674599FC}.Release|Any CPU.Build.0 = Release|Any CPU
		{55C392CF-5BD7-40D8-946F-0C21674599FC}.Release|Mixed Platforms.ActiveCfg = Release|Any CPU
		{55C392CF-5BD7-40D8-946F-0C21674599FC}.Release|Mixed Platforms.Build.0 = Release|Any CPU
		{8B315579-2059-4393-8122-F9F96B0A336D}.Debug|.NET.ActiveCfg = Debug
		{8B315579-2059-4393-8122-F9F96B0A336D}.Debug|.NET.Build.0 = Debug
		{8B315579-2059-4393-8122-F9F96B0A336D}.Debug|Any CPU.ActiveCfg = Debug
		{8B315579-2059-4393-8122-F9F96B0A336D}.Debug|Mixed Platforms.ActiveCfg = Debug
		{8B315579-2059-4393-8122-F9F96B0A336D}.Release|.NET.ActiveCfg = Release
		{8B315579-2059-4393-8122-F9F96B0A336D}.Release|.NET.Build.0 = Release
		{8B315579-2059-4393-8122-F9F96B0A336D}.Release|Any CPU.ActiveCfg = Release
		{8B315579-2059-4393-8122-F9F96B0A336D}.Release|Mixed Platforms.ActiveCfg = Release
		{8B315579-2059-4393-8122-F9F96B0A336D}.Release|Mixed Platforms.Build.0 = Release
		{CBDAD76C-98EB-4710-8742-D1D4CE7D1BAB}.Debug|.NET.ActiveCfg = Debug
		{CBDAD76C-98EB-4710-8742-D1D4CE7D1BAB}.Debug|Any CPU.ActiveCfg = Debug
		{CBDAD76C-98EB-4710-8742-D1D4CE7D1BAB}.Debug|Mixed Platforms.ActiveCfg = Debug
		{CBDAD76C-98EB-4710-8742-D1D4CE7D1BAB}.Release|.NET.ActiveCfg = Release
		{CBDAD76C-98EB-4710-8742-D1D4CE7D1BAB}.Release|Any CPU.ActiveCfg = Release
		{CBDAD76C-98EB-4710-8742-D1D4CE7D1BAB}.Release|Mixed Platforms.ActiveCfg = Release
		{3276787F-CA3F-4951-9AE0-415F73E95745}.Debug|.NET.ActiveCfg = Debug|Any CPU
		{3276787F-CA3F-4951-9AE0-415F73E95745}.Debug|Any CPU.ActiveCfg = Debug|Any CPU
		{3276787F-CA3F-4951-9AE0-415F73E95745}.Debug|Any CPU.Build.0 = Debug|Any CPU
		{3276787F-CA3F-4951-9AE0-415F73E95745}.Debug|Mixed Platforms.ActiveCfg = Debug|Any CPU
		{3276787F-CA3F-4951-9AE0-415F73E95745}.Debug|Mixed Platforms.Build.0 = Debug|Any CPU
		{3276787F-CA3F-4951-9AE0-415F73E95745}.Release|.NET.ActiveCfg = Release|Any CPU
		{3276787F-CA3F-4951-9AE0-415F73E95745}.Release|Any CPU.ActiveCfg = Release|Any CPU
		{3276787F-CA3F-4951-9AE0-415F73E95745}.Release|Any CPU.Build.0 = Release|Any CPU
		{3276787F-CA3F-4951-9AE0-415F73E95745}.Release|Mixed Platforms.ActiveCfg = Release|Any CPU
		{3276787F-CA3F-4951-9AE0-415F73E95745}.Release|Mixed Platforms.Build.0 = Release|Any CPU
		{DF5A05B5-6413-4708-8818-4E290E99528E}.Debug|.NET.ActiveCfg = Debug|Any CPU
		{DF5A05B5-6413-4708-8818-4E290E99528E}.Debug|Any CPU.ActiveCfg = Debug|Any CPU
		{DF5A05B5-6413-4708-8818-4E290E99528E}.Debug|Any CPU.Build.0 = Debug|Any CPU
		{DF5A05B5-6413-4708-8818-4E290E99528E}.Debug|Mixed Platforms.ActiveCfg = Debug|Any CPU
		{DF5A05B5-6413-4708-8818-4E290E99528E}.Debug|Mixed Platforms.Build.0 = Debug|Any CPU
		{DF5A05B5-6413-4708-8818-4E290E99528E}.Release|.NET.ActiveCfg = Release|Any CPU
		{DF5A05B5-6413-4708-8818-4E290E99528E}.Release|Any CPU.ActiveCfg = Release|Any CPU
		{DF5A05B5-6413-4708-8818-4E290E99528E}.Release|Any CPU.Build.0 = Release|Any CPU
		{DF5A05B5-6413-4708-8818-4E290E99528E}.Release|Mixed Platforms.ActiveCfg = Release|Any CPU
		{DF5A05B5-6413-4708-8818-4E290E99528E}.Release|Mixed Platforms.Build.0 = Release|Any CPU
		{29884DCA-269D-485D-B58B-D9C70B389AB2}.Debug|.NET.ActiveCfg = Debug|Any CPU
		{29884DCA-269D-485D-B58B-D9C70B389AB2}.Debug|Any CPU.ActiveCfg = Debug|Any CPU
		{29884DCA-269D-485D-B58B-D9C70B389AB2}.Debug|Any CPU.Build.0 = Debug|Any CPU
		{29884DCA-269D-485D-B58B-D9C70B389AB2}.Debug|Mixed Platforms.ActiveCfg = Debug|Any CPU
		{29884DCA-269D-485D-B58B-D9C70B389AB2}.Debug|Mixed Platforms.Build.0 = Debug|Any CPU
		{29884DCA-269D-485D-B58B-D9C70B389AB2}.Release|.NET.ActiveCfg = Release|Any CPU
		{29884DCA-269D-485D-B58B-D9C70B389AB2}.Release|Any CPU.ActiveCfg = Release|Any CPU
		{29884DCA-269D-485D-B58B-D9C70B389AB2}.Release|Any CPU.Build.0 = Release|Any CPU
		{29884DCA-269D-485D-B58B-D9C70B389AB2}.Release|Mixed Platforms.ActiveCfg = Release|Any CPU
		{29884DCA-269D-485D-B58B-D9C70B389AB2}.Release|Mixed Platforms.Build.0 = Release|Any CPU
		{E7A75501-78B9-4729-A4CF-94B61A87A1F1}.Debug|.NET.ActiveCfg = Debug|Any CPU
		{E7A75501-78B9-4729-A4CF-94B61A87A1F1}.Debug|Any CPU.ActiveCfg = Debug|Any CPU
		{E7A75501-78B9-4729-A4CF-94B61A87A1F1}.Debug|Any CPU.Build.0 = Debug|Any CPU
		{E7A75501-78B9-4729-A4CF-94B61A87A1F1}.Debug|Mixed Platforms.ActiveCfg = Debug|Any CPU
		{E7A75501-78B9-4729-A4CF-94B61A87A1F1}.Debug|Mixed Platforms.Build.0 = Debug|Any CPU
		{E7A75501-78B9-4729-A4CF-94B61A87A1F1}.Release|.NET.ActiveCfg = Release|Any CPU
		{E7A75501-78B9-4729-A4CF-94B61A87A1F1}.Release|Any CPU.ActiveCfg = Release|Any CPU
		{E7A75501-78B9-4729-A4CF-94B61A87A1F1}.Release|Any CPU.Build.0 = Release|Any CPU
		{E7A75501-78B9-4729-A4CF-94B61A87A1F1}.Release|Mixed Platforms.ActiveCfg = Release|Any CPU
		{E7A75501-78B9-4729-A4CF-94B61A87A1F1}.Release|Mixed Platforms.Build.0 = Release|Any CPU
		{6C20CC8C-4C7E-4CC0-AF37-94387C1DCDD3}.Debug|.NET.ActiveCfg = Debug|Any CPU
		{6C20CC8C-4C7E-4CC0-AF37-94387C1DCDD3}.Debug|Any CPU.ActiveCfg = Debug|Any CPU
		{6C20CC8C-4C7E-4CC0-AF37-94387C1DCDD3}.Debug|Any CPU.Build.0 = Debug|Any CPU
		{6C20CC8C-4C7E-4CC0-AF37-94387C1DCDD3}.Debug|Mixed Platforms.ActiveCfg = Debug|Any CPU
		{6C20CC8C-4C7E-4CC0-AF37-94387C1DCDD3}.Debug|Mixed Platforms.Build.0 = Debug|Any CPU
		{6C20CC8C-4C7E-4CC0-AF37-94387C1DCDD3}.Release|.NET.ActiveCfg = Release|Any CPU
		{6C20CC8C-4C7E-4CC0-AF37-94387C1DCDD3}.Release|Any CPU.ActiveCfg = Release|Any CPU
		{6C20CC8C-4C7E-4CC0-AF37-94387C1DCDD3}.Release|Any CPU.Build.0 = Release|Any CPU
		{6C20CC8C-4C7E-4CC0-AF37-94387C1DCDD3}.Release|Mixed Platforms.ActiveCfg = Release|Any CPU
		{6C20CC8C-4C7E-4CC0-AF37-94387C1DCDD3}.Release|Mixed Platforms.Build.0 = Release|Any CPU
		{B22852B4-760D-4D92-9718-BB84EEC932AA}.Debug|.NET.ActiveCfg = Debug|Any CPU
		{B22852B4-760D-4D92-9718-BB84EEC932AA}.Debug|Any CPU.ActiveCfg = Debug|Any CPU
		{B22852B4-760D-4D92-9718-BB84EEC932AA}.Debug|Any CPU.Build.0 = Debug|Any CPU
		{B22852B4-760D-4D92-9718-BB84EEC932AA}.Debug|Mixed Platforms.ActiveCfg = Debug|Any CPU
		{B22852B4-760D-4D92-9718-BB84EEC932AA}.Debug|Mixed Platforms.Build.0 = Debug|Any CPU
		{B22852B4-760D-4D92-9718-BB84EEC932AA}.Release|.NET.ActiveCfg = Release|Any CPU
		{B22852B4-760D-4D92-9718-BB84EEC932AA}.Release|Any CPU.ActiveCfg = Release|Any CPU
		{B22852B4-760D-4D92-9718-BB84EEC932AA}.Release|Any CPU.Build.0 = Release|Any CPU
		{B22852B4-760D-4D92-9718-BB84EEC932AA}.Release|Mixed Platforms.ActiveCfg = Release|Any CPU
		{B22852B4-760D-4D92-9718-BB84EEC932AA}.Release|Mixed Platforms.Build.0 = Release|Any CPU
		{E980E461-4615-401E-9EC9-F4A9AD09DF0A}.Debug|.NET.ActiveCfg = Debug|Any CPU
		{E980E461-4615-401E-9EC9-F4A9AD09DF0A}.Debug|Any CPU.ActiveCfg = Debug|Any CPU
		{E980E461-4615-401E-9EC9-F4A9AD09DF0A}.Debug|Any CPU.Build.0 = Debug|Any CPU
		{E980E461-4615-401E-9EC9-F4A9AD09DF0A}.Debug|Mixed Platforms.ActiveCfg = Debug|Any CPU
		{E980E461-4615-401E-9EC9-F4A9AD09DF0A}.Debug|Mixed Platforms.Build.0 = Debug|Any CPU
		{E980E461-4615-401E-9EC9-F4A9AD09DF0A}.Release|.NET.ActiveCfg = Release|Any CPU
		{E980E461-4615-401E-9EC9-F4A9AD09DF0A}.Release|Any CPU.ActiveCfg = Release|Any CPU
		{E980E461-4615-401E-9EC9-F4A9AD09DF0A}.Release|Any CPU.Build.0 = Release|Any CPU
		{E980E461-4615-401E-9EC9-F4A9AD09DF0A}.Release|Mixed Platforms.ActiveCfg = Release|Any CPU
		{E980E461-4615-401E-9EC9-F4A9AD09DF0A}.Release|Mixed Platforms.Build.0 = Release|Any CPU
		{2DB6C3D1-4F3F-49D5-888E-7A51201E2350}.Debug|.NET.ActiveCfg = Debug|Any CPU
		{2DB6C3D1-4F3F-49D5-888E-7A51201E2350}.Debug|Any CPU.ActiveCfg = Debug|Any CPU
		{2DB6C3D1-4F3F-49D5-888E-7A51201E2350}.Debug|Any CPU.Build.0 = Debug|Any CPU
		{2DB6C3D1-4F3F-49D5-888E-7A51201E2350}.Debug|Mixed Platforms.ActiveCfg = Debug|Any CPU
		{2DB6C3D1-4F3F-49D5-888E-7A51201E2350}.Debug|Mixed Platforms.Build.0 = Debug|Any CPU
		{2DB6C3D1-4F3F-49D5-888E-7A51201E2350}.Release|.NET.ActiveCfg = Release|Any CPU
		{2DB6C3D1-4F3F-49D5-888E-7A51201E2350}.Release|Any CPU.ActiveCfg = Release|Any CPU
		{2DB6C3D1-4F3F-49D5-888E-7A51201E2350}.Release|Any CPU.Build.0 = Release|Any CPU
		{2DB6C3D1-4F3F-49D5-888E-7A51201E2350}.Release|Mixed Platforms.ActiveCfg = Release|Any CPU
		{2DB6C3D1-4F3F-49D5-888E-7A51201E2350}.Release|Mixed Platforms.Build.0 = Release|Any CPU
		{264A0496-4984-4D14-B4DE-ACC4C31ED12F}.Debug|.NET.ActiveCfg = Debug
		{264A0496-4984-4D14-B4DE-ACC4C31ED12F}.Debug|.NET.Build.0 = Debug
		{264A0496-4984-4D14-B4DE-ACC4C31ED12F}.Debug|Any CPU.ActiveCfg = Debug
		{264A0496-4984-4D14-B4DE-ACC4C31ED12F}.Debug|Mixed Platforms.ActiveCfg = Debug
		{264A0496-4984-4D14-B4DE-ACC4C31ED12F}.Release|.NET.ActiveCfg = Release
		{264A0496-4984-4D14-B4DE-ACC4C31ED12F}.Release|.NET.Build.0 = Release
		{264A0496-4984-4D14-B4DE-ACC4C31ED12F}.Release|Any CPU.ActiveCfg = Release
		{264A0496-4984-4D14-B4DE-ACC4C31ED12F}.Release|Any CPU.Build.0 = Release
		{264A0496-4984-4D14-B4DE-ACC4C31ED12F}.Release|Mixed Platforms.ActiveCfg = Release
		{264A0496-4984-4D14-B4DE-ACC4C31ED12F}.Release|Mixed Platforms.Build.0 = Release
		{66AAFCDD-BBA4-49D6-B19A-95AA198FA194}.Debug|.NET.ActiveCfg = Debug
		{66AAFCDD-BBA4-49D6-B19A-95AA198FA194}.Debug|Any CPU.ActiveCfg = Debug
		{66AAFCDD-BBA4-49D6-B19A-95AA198FA194}.Debug|Mixed Platforms.ActiveCfg = Debug
		{66AAFCDD-BBA4-49D6-B19A-95AA198FA194}.Release|.NET.ActiveCfg = Release
		{66AAFCDD-BBA4-49D6-B19A-95AA198FA194}.Release|Any CPU.ActiveCfg = Release
		{66AAFCDD-BBA4-49D6-B19A-95AA198FA194}.Release|Mixed Platforms.ActiveCfg = Release
	EndGlobalSection
	GlobalSection(SolutionProperties) = preSolution
		HideSolutionNode = FALSE
	EndGlobalSection
	GlobalSection(NestedProjects) = preSolution
		{DEA25300-9C8B-4CA9-AAD1-CE8807F138DE} = {4E9C41F5-959F-4BD3-841C-C473298B3024}
		{069B8CD9-98AA-42FB-91D6-14357BA64DFB} = {4E9C41F5-959F-4BD3-841C-C473298B3024}
		{84257D9B-0FA9-4AB2-A16A-89A5D77B6DBB} = {4E9C41F5-959F-4BD3-841C-C473298B3024}
		{22D4FF0E-09FE-4C89-821A-9333196F1595} = {DEA25300-9C8B-4CA9-AAD1-CE8807F138DE}
		{0B380E0C-0A10-4536-BD85-BF0993671FAC} = {DEA25300-9C8B-4CA9-AAD1-CE8807F138DE}
		{933136D5-86EB-41F4-BAEF-39AC7CFE24BE} = {DEA25300-9C8B-4CA9-AAD1-CE8807F138DE}
		{DC17752B-A793-4C46-AF41-0FA70B4CBA42} = {DEA25300-9C8B-4CA9-AAD1-CE8807F138DE}
		{D9C16BDE-6368-4221-8319-B7AF123357C1} = {42E35544-EA3B-4FB4-84E1-3F8BE959E939}
		{7073136B-CCD3-4128-9B3E-9BE7C555E482} = {42E35544-EA3B-4FB4-84E1-3F8BE959E939}
		{6D5CE23C-C567-4E5D-8245-F383554C6DC6} = {42E35544-EA3B-4FB4-84E1-3F8BE959E939}
		{55C392CF-5BD7-40D8-946F-0C21674599FC} = {42E35544-EA3B-4FB4-84E1-3F8BE959E939}
		{8B315579-2059-4393-8122-F9F96B0A336D} = {F5DCD5CA-FD2A-4D45-94E3-8E8FD8A5B645}
		{CBDAD76C-98EB-4710-8742-D1D4CE7D1BAB} = {F5DCD5CA-FD2A-4D45-94E3-8E8FD8A5B645}
		{264A0496-4984-4D14-B4DE-ACC4C31ED12F} = {F5DCD5CA-FD2A-4D45-94E3-8E8FD8A5B645}
		{66AAFCDD-BBA4-49D6-B19A-95AA198FA194} = {F5DCD5CA-FD2A-4D45-94E3-8E8FD8A5B645}
		{3276787F-CA3F-4951-9AE0-415F73E95745} = {069B8CD9-98AA-42FB-91D6-14357BA64DFB}
		{DF5A05B5-6413-4708-8818-4E290E99528E} = {069B8CD9-98AA-42FB-91D6-14357BA64DFB}
		{29884DCA-269D-485D-B58B-D9C70B389AB2} = {069B8CD9-98AA-42FB-91D6-14357BA64DFB}
		{E7A75501-78B9-4729-A4CF-94B61A87A1F1} = {069B8CD9-98AA-42FB-91D6-14357BA64DFB}
		{6C20CC8C-4C7E-4CC0-AF37-94387C1DCDD3} = {84257D9B-0FA9-4AB2-A16A-89A5D77B6DBB}
		{B22852B4-760D-4D92-9718-BB84EEC932AA} = {84257D9B-0FA9-4AB2-A16A-89A5D77B6DBB}
		{E980E461-4615-401E-9EC9-F4A9AD09DF0A} = {84257D9B-0FA9-4AB2-A16A-89A5D77B6DBB}
		{2DB6C3D1-4F3F-49D5-888E-7A51201E2350} = {84257D9B-0FA9-4AB2-A16A-89A5D77B6DBB}
		{1518FB8C-A2CB-40FC-A70C-036D436D1780} = {E13EAAE4-542F-4DAB-A789-F5AF4324AEE7}
		{BFE8DF09-63DC-44E9-8ABB-D50ADBE02BF1} = {E13EAAE4-542F-4DAB-A789-F5AF4324AEE7}
		{F882A7C1-B1A2-46F6-B53D-6DDDA51FDF36} = {E13EAAE4-542F-4DAB-A789-F5AF4324AEE7}
		{A7713B40-7455-49AB-94B7-52A9F7C964C3} = {E13EAAE4-542F-4DAB-A789-F5AF4324AEE7}
		{BC3E874C-FD56-4D85-8F3F-36FCF399A75C} = {E13EAAE4-542F-4DAB-A789-F5AF4324AEE7}
		{77C77D1C-6D1B-4C86-9D75-92857AE9912E} = {1518FB8C-A2CB-40FC-A70C-036D436D1780}
		{7ED95002-823E-4E69-95B9-C073AA6504F5} = {1518FB8C-A2CB-40FC-A70C-036D436D1780}
		{CFDF7B6B-27CF-41A5-B517-DA2120859AF2} = {BFE8DF09-63DC-44E9-8ABB-D50ADBE02BF1}
		{3BDE2166-D405-4C91-8E56-63C1E563CB2A} = {BFE8DF09-63DC-44E9-8ABB-D50ADBE02BF1}
		{78E6756F-EA6E-49B9-96AC-F5C1457759C1} = {F882A7C1-B1A2-46F6-B53D-6DDDA51FDF36}
		{6A9BA46A-785B-4445-8859-A44BC8C4EBB7} = {F882A7C1-B1A2-46F6-B53D-6DDDA51FDF36}
		{B82467E0-9DE7-4597-960A-1AD3B1ED05CC} = {A7713B40-7455-49AB-94B7-52A9F7C964C3}
		{48593026-5116-4A85-A1F4-7536FFF1EA89} = {A7713B40-7455-49AB-94B7-52A9F7C964C3}
		{6FE9FBA6-B412-4D88-ACE1-04AB04758B73} = {BC3E874C-FD56-4D85-8F3F-36FCF399A75C}
		{9413F1A2-0C52-4ADA-8659-79060BB0810B} = {BC3E874C-FD56-4D85-8F3F-36FCF399A75C}
	EndGlobalSection
	GlobalSection(TextTemplating) = postSolution
		TextTemplating = 1
	EndGlobalSection
EndGlobal
